// !$*UTF8*$!
{
	archiveVersion = 1;
	classes = {
	};
	objectVersion = 51;
	objects = {

/* Begin PBXBuildFile section */
		56101C792458236000C246FB /* ProfileListViewModel.swift in Sources */ = {isa = PBXBuildFile; fileRef = 56101C782458236000C246FB /* ProfileListViewModel.swift */; };
		568517D42463F76B0016DBAE /* ProfileListRouter.swift in Sources */ = {isa = PBXBuildFile; fileRef = 568517D32463F76B0016DBAE /* ProfileListRouter.swift */; };
		568517D62463FC280016DBAE /* ProfileListConfigurator.swift in Sources */ = {isa = PBXBuildFile; fileRef = 568517D52463FC280016DBAE /* ProfileListConfigurator.swift */; };
		568517D824640CCC0016DBAE /* ProfileConfigurator.swift in Sources */ = {isa = PBXBuildFile; fileRef = 568517D724640CCC0016DBAE /* ProfileConfigurator.swift */; };
		568517DA24640D1E0016DBAE /* ProfileRouter.swift in Sources */ = {isa = PBXBuildFile; fileRef = 568517D924640D1E0016DBAE /* ProfileRouter.swift */; };
		8DDE3CED8FFA8A98F61AF8A4 /* Pods_StoryBook.framework in Frameworks */ = {isa = PBXBuildFile; fileRef = E194BF59D0C17ED0EC294602 /* Pods_StoryBook.framework */; };
		A64E01D824387E2B003B25C3 /* AppDelegate.swift in Sources */ = {isa = PBXBuildFile; fileRef = A64E01D724387E2B003B25C3 /* AppDelegate.swift */; };
		A64E01DA24387E2B003B25C3 /* SceneDelegate.swift in Sources */ = {isa = PBXBuildFile; fileRef = A64E01D924387E2B003B25C3 /* SceneDelegate.swift */; };
		A64E01DC24387E2B003B25C3 /* AuthVC.swift in Sources */ = {isa = PBXBuildFile; fileRef = A64E01DB24387E2B003B25C3 /* AuthVC.swift */; };
		A64E01DF24387E2B003B25C3 /* Main.storyboard in Resources */ = {isa = PBXBuildFile; fileRef = A64E01DD24387E2B003B25C3 /* Main.storyboard */; };
		A64E01E124387E2D003B25C3 /* Assets.xcassets in Resources */ = {isa = PBXBuildFile; fileRef = A64E01E024387E2D003B25C3 /* Assets.xcassets */; };
		A64E01E424387E2D003B25C3 /* LaunchScreen.storyboard in Resources */ = {isa = PBXBuildFile; fileRef = A64E01E224387E2D003B25C3 /* LaunchScreen.storyboard */; };
		A64E01EC24387E65003B25C3 /* Profile.swift in Sources */ = {isa = PBXBuildFile; fileRef = A64E01EB24387E65003B25C3 /* Profile.swift */; };
		A64E01F52439D798003B25C3 /* GoogleService-Info.plist in Resources */ = {isa = PBXBuildFile; fileRef = A64E01F42439D798003B25C3 /* GoogleService-Info.plist */; };
		A65B2DB5244A0731000729B8 /* AddProfileVC.swift in Sources */ = {isa = PBXBuildFile; fileRef = A65B2DB4244A0731000729B8 /* AddProfileVC.swift */; };
		A65B2DB7244DAAA3000729B8 /* EditProfileVC.swift in Sources */ = {isa = PBXBuildFile; fileRef = A65B2DB6244DAAA3000729B8 /* EditProfileVC.swift */; };
		A66222202461510900399766 /* ProfileViewModel.swift in Sources */ = {isa = PBXBuildFile; fileRef = A662221F2461510900399766 /* ProfileViewModel.swift */; };
		A66222232462DA1100399766 /* SectionViewModel.swift in Sources */ = {isa = PBXBuildFile; fileRef = A66222222462DA1100399766 /* SectionViewModel.swift */; };
		A6622225246462AC00399766 /* ProfileList.storyboard in Resources */ = {isa = PBXBuildFile; fileRef = A6622224246462AC00399766 /* ProfileList.storyboard */; };
		A66222362466A09300399766 /* AddProfile.storyboard in Resources */ = {isa = PBXBuildFile; fileRef = A66222352466A09300399766 /* AddProfile.storyboard */; };
		A66222382466A13D00399766 /* EditProfile.storyboard in Resources */ = {isa = PBXBuildFile; fileRef = A66222372466A13D00399766 /* EditProfile.storyboard */; };
		A662223A2466A17000399766 /* Profile.storyboard in Resources */ = {isa = PBXBuildFile; fileRef = A66222392466A17000399766 /* Profile.storyboard */; };
		A662223C2466A6EE00399766 /* EditProfileViewModel.swift in Sources */ = {isa = PBXBuildFile; fileRef = A662223B2466A6EE00399766 /* EditProfileViewModel.swift */; };
		A662223E2466AE1700399766 /* EditProfileRouter.swift in Sources */ = {isa = PBXBuildFile; fileRef = A662223D2466AE1700399766 /* EditProfileRouter.swift */; };
		A66222402466AEE800399766 /* EditProfileConfigurator.swift in Sources */ = {isa = PBXBuildFile; fileRef = A662223F2466AEE800399766 /* EditProfileConfigurator.swift */; };
		A66222422467056C00399766 /* AddProfileViewModel.swift in Sources */ = {isa = PBXBuildFile; fileRef = A66222412467056C00399766 /* AddProfileViewModel.swift */; };
		A66222442467057E00399766 /* AddProfileRouter.swift in Sources */ = {isa = PBXBuildFile; fileRef = A66222432467057E00399766 /* AddProfileRouter.swift */; };
		A66222462467059500399766 /* AddProfileConfigurator.swift in Sources */ = {isa = PBXBuildFile; fileRef = A66222452467059500399766 /* AddProfileConfigurator.swift */; };
		A66222482467FB1D00399766 /* Auth.storyboard in Resources */ = {isa = PBXBuildFile; fileRef = A66222472467FB1D00399766 /* Auth.storyboard */; };
		A662224A2467FBCB00399766 /* Section.swift in Sources */ = {isa = PBXBuildFile; fileRef = A66222492467FBCB00399766 /* Section.swift */; };
		A662224C2467FC5600399766 /* Protocols.swift in Sources */ = {isa = PBXBuildFile; fileRef = A662224B2467FC5600399766 /* Protocols.swift */; };
		A662224F2467FEE100399766 /* Section.storyboard in Resources */ = {isa = PBXBuildFile; fileRef = A662224E2467FEE100399766 /* Section.storyboard */; };
		A66222512467FEF100399766 /* EditSection.storyboard in Resources */ = {isa = PBXBuildFile; fileRef = A66222502467FEF100399766 /* EditSection.storyboard */; };
		A66222542467FF0600399766 /* AddSection.storyboard in Resources */ = {isa = PBXBuildFile; fileRef = A66222532467FF0600399766 /* AddSection.storyboard */; };
		A66222562468021000399766 /* SectionConfiguratior.swift in Sources */ = {isa = PBXBuildFile; fileRef = A66222552468021000399766 /* SectionConfiguratior.swift */; };
		A6622258246802FA00399766 /* SectionRouter.swift in Sources */ = {isa = PBXBuildFile; fileRef = A6622257246802FA00399766 /* SectionRouter.swift */; };
		A662225A2468072900399766 /* EditSectionRouter.swift in Sources */ = {isa = PBXBuildFile; fileRef = A66222592468072900399766 /* EditSectionRouter.swift */; };
		A662225C2468073800399766 /* AddSectionRouter.swift in Sources */ = {isa = PBXBuildFile; fileRef = A662225B2468073800399766 /* AddSectionRouter.swift */; };
		A662225E246807F000399766 /* EditSectionConfigurator.swift in Sources */ = {isa = PBXBuildFile; fileRef = A662225D246807F000399766 /* EditSectionConfigurator.swift */; };
		A6622260246808A100399766 /* AddSectionConfigurator.swift in Sources */ = {isa = PBXBuildFile; fileRef = A662225F246808A100399766 /* AddSectionConfigurator.swift */; };
		A66222622468225A00399766 /* EditSectionViewModel.swift in Sources */ = {isa = PBXBuildFile; fileRef = A66222612468225A00399766 /* EditSectionViewModel.swift */; };
		A66222642468242600399766 /* AddSectionViewModel.swift in Sources */ = {isa = PBXBuildFile; fileRef = A66222632468242600399766 /* AddSectionViewModel.swift */; };
		A689302F24685F3300429EDE /* EditSubsection.storyboard in Resources */ = {isa = PBXBuildFile; fileRef = A689302E24685F3300429EDE /* EditSubsection.storyboard */; };
		A689303124685F4700429EDE /* AddSubsection.storyboard in Resources */ = {isa = PBXBuildFile; fileRef = A689303024685F4700429EDE /* AddSubsection.storyboard */; };
		A689303324685F5900429EDE /* Subsection.storyboard in Resources */ = {isa = PBXBuildFile; fileRef = A689303224685F5900429EDE /* Subsection.storyboard */; };
		A68930352468632900429EDE /* SubsectionConfigurator.swift in Sources */ = {isa = PBXBuildFile; fileRef = A68930342468632900429EDE /* SubsectionConfigurator.swift */; };
		A6893037246939A500429EDE /* AddSubsectionConfigurator.swift in Sources */ = {isa = PBXBuildFile; fileRef = A6893036246939A500429EDE /* AddSubsectionConfigurator.swift */; };
		A689303924693A2A00429EDE /* EditSubsectionConfigurator.swift in Sources */ = {isa = PBXBuildFile; fileRef = A689303824693A2A00429EDE /* EditSubsectionConfigurator.swift */; };
		A689303B24693A9300429EDE /* SubsectionRouter.swift in Sources */ = {isa = PBXBuildFile; fileRef = A689303A24693A9300429EDE /* SubsectionRouter.swift */; };
		A689303D24693B6C00429EDE /* AddSubsectionRouter.swift in Sources */ = {isa = PBXBuildFile; fileRef = A689303C24693B6C00429EDE /* AddSubsectionRouter.swift */; };
		A689303F24693BA800429EDE /* EditSubsectionRouter.swift in Sources */ = {isa = PBXBuildFile; fileRef = A689303E24693BA800429EDE /* EditSubsectionRouter.swift */; };
		A689304124693C1800429EDE /* SubsectionViewModel.swift in Sources */ = {isa = PBXBuildFile; fileRef = A689304024693C1800429EDE /* SubsectionViewModel.swift */; };
		A68930432469418900429EDE /* AddSubsectionViewModel.swift in Sources */ = {isa = PBXBuildFile; fileRef = A68930422469418900429EDE /* AddSubsectionViewModel.swift */; };
		A68930452469437600429EDE /* EditSubsectionViewModel.swift in Sources */ = {isa = PBXBuildFile; fileRef = A68930442469437600429EDE /* EditSubsectionViewModel.swift */; };
		A6893047246949EF00429EDE /* Memory.storyboard in Resources */ = {isa = PBXBuildFile; fileRef = A6893046246949EF00429EDE /* Memory.storyboard */; };
		A689304924694AB200429EDE /* AddMemoryConfigurator.swift in Sources */ = {isa = PBXBuildFile; fileRef = A689304824694AB200429EDE /* AddMemoryConfigurator.swift */; };
		A689304B24694ADB00429EDE /* AddMemory.storyboard in Resources */ = {isa = PBXBuildFile; fileRef = A689304A24694ADB00429EDE /* AddMemory.storyboard */; };
		A689304D24694B5B00429EDE /* EditMemory.storyboard in Resources */ = {isa = PBXBuildFile; fileRef = A689304C24694B5B00429EDE /* EditMemory.storyboard */; };
		A689304F24694C3B00429EDE /* MemoryConfigurator.swift in Sources */ = {isa = PBXBuildFile; fileRef = A689304E24694C3B00429EDE /* MemoryConfigurator.swift */; };
		A689305124694DD200429EDE /* EditMemoryConfigurator.swift in Sources */ = {isa = PBXBuildFile; fileRef = A689305024694DD200429EDE /* EditMemoryConfigurator.swift */; };
		A689305324694E3600429EDE /* MemoryRouter.swift in Sources */ = {isa = PBXBuildFile; fileRef = A689305224694E3600429EDE /* MemoryRouter.swift */; };
		A689305524694EC500429EDE /* AddMemoryRouter.swift in Sources */ = {isa = PBXBuildFile; fileRef = A689305424694EC500429EDE /* AddMemoryRouter.swift */; };
		A689305724694EF800429EDE /* EditMemoryRouter.swift in Sources */ = {isa = PBXBuildFile; fileRef = A689305624694EF800429EDE /* EditMemoryRouter.swift */; };
		A689305924694F4E00429EDE /* MemoryViewModel.swift in Sources */ = {isa = PBXBuildFile; fileRef = A689305824694F4E00429EDE /* MemoryViewModel.swift */; };
		A689305B2469527400429EDE /* AddMemoryViewModel.swift in Sources */ = {isa = PBXBuildFile; fileRef = A689305A2469527400429EDE /* AddMemoryViewModel.swift */; };
		A689305D2469543B00429EDE /* EditMemoryViewModel.swift in Sources */ = {isa = PBXBuildFile; fileRef = A689305C2469543B00429EDE /* EditMemoryViewModel.swift */; };
		A6A83A092439FB3B001EEF67 /* Default-568h@2x.png in Resources */ = {isa = PBXBuildFile; fileRef = A6A83A082439FB3B001EEF67 /* Default-568h@2x.png */; };
		A6A83A0B243B3011001EEF67 /* User.swift in Sources */ = {isa = PBXBuildFile; fileRef = A6A83A0A243B3011001EEF67 /* User.swift */; };
		A6A83A0D243B3032001EEF67 /* Memory.swift in Sources */ = {isa = PBXBuildFile; fileRef = A6A83A0C243B3032001EEF67 /* Memory.swift */; };
		A6A83A12243E25D9001EEF67 /* ProfileTableViewCell.swift in Sources */ = {isa = PBXBuildFile; fileRef = A6A83A11243E25D9001EEF67 /* ProfileTableViewCell.swift */; };
		A6A83A16243F5BD8001EEF67 /* SectionTableViewCell.swift in Sources */ = {isa = PBXBuildFile; fileRef = A6A83A15243F5BD8001EEF67 /* SectionTableViewCell.swift */; };
		A6A83A212440C447001EEF67 /* MemoryTableViewCell.swift in Sources */ = {isa = PBXBuildFile; fileRef = A6A83A1F2440C447001EEF67 /* MemoryTableViewCell.swift */; };
		A6A83A242440C821001EEF67 /* MemoryVC.swift in Sources */ = {isa = PBXBuildFile; fileRef = A6A83A232440C821001EEF67 /* MemoryVC.swift */; };
		A6A83A262441C25B001EEF67 /* AddMemoryVC.swift in Sources */ = {isa = PBXBuildFile; fileRef = A6A83A252441C25B001EEF67 /* AddMemoryVC.swift */; };
		A6B2C9F924508BBA004FFE59 /* ProfileVC.swift in Sources */ = {isa = PBXBuildFile; fileRef = A6B2C9F824508BBA004FFE59 /* ProfileVC.swift */; };
		A6B2C9FD24508E8B004FFE59 /* ProfileListVC.swift in Sources */ = {isa = PBXBuildFile; fileRef = A6B2C9FC24508E8B004FFE59 /* ProfileListVC.swift */; };
		A6B2C9FF2451954B004FFE59 /* SectionVC.swift in Sources */ = {isa = PBXBuildFile; fileRef = A6B2C9FE2451954B004FFE59 /* SectionVC.swift */; };
		A6B2CA012451AD62004FFE59 /* SubsectionVC.swift in Sources */ = {isa = PBXBuildFile; fileRef = A6B2CA002451AD62004FFE59 /* SubsectionVC.swift */; };
		A6B2CA0324532C60004FFE59 /* AddSectionVC.swift in Sources */ = {isa = PBXBuildFile; fileRef = A6B2CA0224532C60004FFE59 /* AddSectionVC.swift */; };
		A6B2CA0524534028004FFE59 /* EditSectionVC.swift in Sources */ = {isa = PBXBuildFile; fileRef = A6B2CA0424534028004FFE59 /* EditSectionVC.swift */; };
		A6B2CA0724541F7D004FFE59 /* AddSubsectionVC.swift in Sources */ = {isa = PBXBuildFile; fileRef = A6B2CA0624541F7D004FFE59 /* AddSubsectionVC.swift */; };
		A6B2CA0924541FF8004FFE59 /* EditSubsectionVC.swift in Sources */ = {isa = PBXBuildFile; fileRef = A6B2CA0824541FF8004FFE59 /* EditSubsectionVC.swift */; };
		A6B2CA0B245441E2004FFE59 /* EditMemoryVC.swift in Sources */ = {isa = PBXBuildFile; fileRef = A6B2CA0A245441E2004FFE59 /* EditMemoryVC.swift */; };
/* End PBXBuildFile section */

/* Begin PBXFileReference section */
		33A5F1036BC6BC4C4CF02566 /* Pods-StoryBook.debug.xcconfig */ = {isa = PBXFileReference; includeInIndex = 1; lastKnownFileType = text.xcconfig; name = "Pods-StoryBook.debug.xcconfig"; path = "Target Support Files/Pods-StoryBook/Pods-StoryBook.debug.xcconfig"; sourceTree = "<group>"; };
		56101C782458236000C246FB /* ProfileListViewModel.swift */ = {isa = PBXFileReference; lastKnownFileType = sourcecode.swift; path = ProfileListViewModel.swift; sourceTree = "<group>"; };
		568517D32463F76B0016DBAE /* ProfileListRouter.swift */ = {isa = PBXFileReference; lastKnownFileType = sourcecode.swift; path = ProfileListRouter.swift; sourceTree = "<group>"; };
		568517D52463FC280016DBAE /* ProfileListConfigurator.swift */ = {isa = PBXFileReference; lastKnownFileType = sourcecode.swift; path = ProfileListConfigurator.swift; sourceTree = "<group>"; };
		568517D724640CCC0016DBAE /* ProfileConfigurator.swift */ = {isa = PBXFileReference; lastKnownFileType = sourcecode.swift; path = ProfileConfigurator.swift; sourceTree = "<group>"; };
		568517D924640D1E0016DBAE /* ProfileRouter.swift */ = {isa = PBXFileReference; lastKnownFileType = sourcecode.swift; path = ProfileRouter.swift; sourceTree = "<group>"; };
		A64E01D424387E2B003B25C3 /* StoryBook.app */ = {isa = PBXFileReference; explicitFileType = wrapper.application; includeInIndex = 0; path = StoryBook.app; sourceTree = BUILT_PRODUCTS_DIR; };
		A64E01D724387E2B003B25C3 /* AppDelegate.swift */ = {isa = PBXFileReference; lastKnownFileType = sourcecode.swift; path = AppDelegate.swift; sourceTree = "<group>"; };
		A64E01D924387E2B003B25C3 /* SceneDelegate.swift */ = {isa = PBXFileReference; lastKnownFileType = sourcecode.swift; path = SceneDelegate.swift; sourceTree = "<group>"; };
		A64E01DB24387E2B003B25C3 /* AuthVC.swift */ = {isa = PBXFileReference; lastKnownFileType = sourcecode.swift; path = AuthVC.swift; sourceTree = "<group>"; };
		A64E01DE24387E2B003B25C3 /* Base */ = {isa = PBXFileReference; lastKnownFileType = file.storyboard; name = Base; path = Base.lproj/Main.storyboard; sourceTree = "<group>"; };
		A64E01E024387E2D003B25C3 /* Assets.xcassets */ = {isa = PBXFileReference; lastKnownFileType = folder.assetcatalog; path = Assets.xcassets; sourceTree = "<group>"; };
		A64E01E324387E2D003B25C3 /* Base */ = {isa = PBXFileReference; lastKnownFileType = file.storyboard; name = Base; path = Base.lproj/LaunchScreen.storyboard; sourceTree = "<group>"; };
		A64E01E524387E2D003B25C3 /* Info.plist */ = {isa = PBXFileReference; lastKnownFileType = text.plist.xml; path = Info.plist; sourceTree = "<group>"; };
		A64E01EB24387E65003B25C3 /* Profile.swift */ = {isa = PBXFileReference; lastKnownFileType = sourcecode.swift; path = Profile.swift; sourceTree = "<group>"; };
		A64E01F42439D798003B25C3 /* GoogleService-Info.plist */ = {isa = PBXFileReference; fileEncoding = 4; lastKnownFileType = text.plist.xml; path = "GoogleService-Info.plist"; sourceTree = "<group>"; };
		A65B2DB4244A0731000729B8 /* AddProfileVC.swift */ = {isa = PBXFileReference; lastKnownFileType = sourcecode.swift; path = AddProfileVC.swift; sourceTree = "<group>"; };
		A65B2DB6244DAAA3000729B8 /* EditProfileVC.swift */ = {isa = PBXFileReference; lastKnownFileType = sourcecode.swift; path = EditProfileVC.swift; sourceTree = "<group>"; };
		A662221F2461510900399766 /* ProfileViewModel.swift */ = {isa = PBXFileReference; lastKnownFileType = sourcecode.swift; path = ProfileViewModel.swift; sourceTree = "<group>"; };
		A66222222462DA1100399766 /* SectionViewModel.swift */ = {isa = PBXFileReference; lastKnownFileType = sourcecode.swift; path = SectionViewModel.swift; sourceTree = "<group>"; };
		A6622224246462AC00399766 /* ProfileList.storyboard */ = {isa = PBXFileReference; lastKnownFileType = file.storyboard; path = ProfileList.storyboard; sourceTree = "<group>"; };
		A66222352466A09300399766 /* AddProfile.storyboard */ = {isa = PBXFileReference; lastKnownFileType = file.storyboard; path = AddProfile.storyboard; sourceTree = "<group>"; };
		A66222372466A13D00399766 /* EditProfile.storyboard */ = {isa = PBXFileReference; lastKnownFileType = file.storyboard; path = EditProfile.storyboard; sourceTree = "<group>"; };
		A66222392466A17000399766 /* Profile.storyboard */ = {isa = PBXFileReference; lastKnownFileType = file.storyboard; path = Profile.storyboard; sourceTree = "<group>"; };
		A662223B2466A6EE00399766 /* EditProfileViewModel.swift */ = {isa = PBXFileReference; lastKnownFileType = sourcecode.swift; path = EditProfileViewModel.swift; sourceTree = "<group>"; };
		A662223D2466AE1700399766 /* EditProfileRouter.swift */ = {isa = PBXFileReference; lastKnownFileType = sourcecode.swift; path = EditProfileRouter.swift; sourceTree = "<group>"; };
		A662223F2466AEE800399766 /* EditProfileConfigurator.swift */ = {isa = PBXFileReference; lastKnownFileType = sourcecode.swift; path = EditProfileConfigurator.swift; sourceTree = "<group>"; };
		A66222412467056C00399766 /* AddProfileViewModel.swift */ = {isa = PBXFileReference; lastKnownFileType = sourcecode.swift; path = AddProfileViewModel.swift; sourceTree = "<group>"; };
		A66222432467057E00399766 /* AddProfileRouter.swift */ = {isa = PBXFileReference; lastKnownFileType = sourcecode.swift; path = AddProfileRouter.swift; sourceTree = "<group>"; };
		A66222452467059500399766 /* AddProfileConfigurator.swift */ = {isa = PBXFileReference; lastKnownFileType = sourcecode.swift; path = AddProfileConfigurator.swift; sourceTree = "<group>"; };
		A66222472467FB1D00399766 /* Auth.storyboard */ = {isa = PBXFileReference; lastKnownFileType = file.storyboard; path = Auth.storyboard; sourceTree = "<group>"; };
		A66222492467FBCB00399766 /* Section.swift */ = {isa = PBXFileReference; lastKnownFileType = sourcecode.swift; path = Section.swift; sourceTree = "<group>"; };
		A662224B2467FC5600399766 /* Protocols.swift */ = {isa = PBXFileReference; lastKnownFileType = sourcecode.swift; path = Protocols.swift; sourceTree = "<group>"; };
		A662224E2467FEE100399766 /* Section.storyboard */ = {isa = PBXFileReference; lastKnownFileType = file.storyboard; path = Section.storyboard; sourceTree = "<group>"; };
		A66222502467FEF100399766 /* EditSection.storyboard */ = {isa = PBXFileReference; lastKnownFileType = file.storyboard; path = EditSection.storyboard; sourceTree = "<group>"; };
		A66222532467FF0600399766 /* AddSection.storyboard */ = {isa = PBXFileReference; lastKnownFileType = file.storyboard; path = AddSection.storyboard; sourceTree = "<group>"; };
		A66222552468021000399766 /* SectionConfiguratior.swift */ = {isa = PBXFileReference; lastKnownFileType = sourcecode.swift; path = SectionConfiguratior.swift; sourceTree = "<group>"; };
		A6622257246802FA00399766 /* SectionRouter.swift */ = {isa = PBXFileReference; lastKnownFileType = sourcecode.swift; path = SectionRouter.swift; sourceTree = "<group>"; };
		A66222592468072900399766 /* EditSectionRouter.swift */ = {isa = PBXFileReference; lastKnownFileType = sourcecode.swift; path = EditSectionRouter.swift; sourceTree = "<group>"; };
		A662225B2468073800399766 /* AddSectionRouter.swift */ = {isa = PBXFileReference; lastKnownFileType = sourcecode.swift; path = AddSectionRouter.swift; sourceTree = "<group>"; };
		A662225D246807F000399766 /* EditSectionConfigurator.swift */ = {isa = PBXFileReference; lastKnownFileType = sourcecode.swift; path = EditSectionConfigurator.swift; sourceTree = "<group>"; };
		A662225F246808A100399766 /* AddSectionConfigurator.swift */ = {isa = PBXFileReference; lastKnownFileType = sourcecode.swift; path = AddSectionConfigurator.swift; sourceTree = "<group>"; };
		A66222612468225A00399766 /* EditSectionViewModel.swift */ = {isa = PBXFileReference; lastKnownFileType = sourcecode.swift; path = EditSectionViewModel.swift; sourceTree = "<group>"; };
		A66222632468242600399766 /* AddSectionViewModel.swift */ = {isa = PBXFileReference; lastKnownFileType = sourcecode.swift; path = AddSectionViewModel.swift; sourceTree = "<group>"; };
		A689302E24685F3300429EDE /* EditSubsection.storyboard */ = {isa = PBXFileReference; lastKnownFileType = file.storyboard; path = EditSubsection.storyboard; sourceTree = "<group>"; };
		A689303024685F4700429EDE /* AddSubsection.storyboard */ = {isa = PBXFileReference; lastKnownFileType = file.storyboard; path = AddSubsection.storyboard; sourceTree = "<group>"; };
		A689303224685F5900429EDE /* Subsection.storyboard */ = {isa = PBXFileReference; lastKnownFileType = file.storyboard; path = Subsection.storyboard; sourceTree = "<group>"; };
		A68930342468632900429EDE /* SubsectionConfigurator.swift */ = {isa = PBXFileReference; lastKnownFileType = sourcecode.swift; path = SubsectionConfigurator.swift; sourceTree = "<group>"; };
		A6893036246939A500429EDE /* AddSubsectionConfigurator.swift */ = {isa = PBXFileReference; lastKnownFileType = sourcecode.swift; path = AddSubsectionConfigurator.swift; sourceTree = "<group>"; };
		A689303824693A2A00429EDE /* EditSubsectionConfigurator.swift */ = {isa = PBXFileReference; lastKnownFileType = sourcecode.swift; path = EditSubsectionConfigurator.swift; sourceTree = "<group>"; };
		A689303A24693A9300429EDE /* SubsectionRouter.swift */ = {isa = PBXFileReference; lastKnownFileType = sourcecode.swift; path = SubsectionRouter.swift; sourceTree = "<group>"; };
		A689303C24693B6C00429EDE /* AddSubsectionRouter.swift */ = {isa = PBXFileReference; lastKnownFileType = sourcecode.swift; path = AddSubsectionRouter.swift; sourceTree = "<group>"; };
		A689303E24693BA800429EDE /* EditSubsectionRouter.swift */ = {isa = PBXFileReference; lastKnownFileType = sourcecode.swift; path = EditSubsectionRouter.swift; sourceTree = "<group>"; };
		A689304024693C1800429EDE /* SubsectionViewModel.swift */ = {isa = PBXFileReference; lastKnownFileType = sourcecode.swift; path = SubsectionViewModel.swift; sourceTree = "<group>"; };
		A68930422469418900429EDE /* AddSubsectionViewModel.swift */ = {isa = PBXFileReference; lastKnownFileType = sourcecode.swift; path = AddSubsectionViewModel.swift; sourceTree = "<group>"; };
		A68930442469437600429EDE /* EditSubsectionViewModel.swift */ = {isa = PBXFileReference; lastKnownFileType = sourcecode.swift; path = EditSubsectionViewModel.swift; sourceTree = "<group>"; };
		A6893046246949EF00429EDE /* Memory.storyboard */ = {isa = PBXFileReference; lastKnownFileType = file.storyboard; path = Memory.storyboard; sourceTree = "<group>"; };
		A689304824694AB200429EDE /* AddMemoryConfigurator.swift */ = {isa = PBXFileReference; lastKnownFileType = sourcecode.swift; path = AddMemoryConfigurator.swift; sourceTree = "<group>"; };
		A689304A24694ADB00429EDE /* AddMemory.storyboard */ = {isa = PBXFileReference; lastKnownFileType = file.storyboard; path = AddMemory.storyboard; sourceTree = "<group>"; };
		A689304C24694B5B00429EDE /* EditMemory.storyboard */ = {isa = PBXFileReference; lastKnownFileType = file.storyboard; path = EditMemory.storyboard; sourceTree = "<group>"; };
		A689304E24694C3B00429EDE /* MemoryConfigurator.swift */ = {isa = PBXFileReference; lastKnownFileType = sourcecode.swift; path = MemoryConfigurator.swift; sourceTree = "<group>"; };
		A689305024694DD200429EDE /* EditMemoryConfigurator.swift */ = {isa = PBXFileReference; lastKnownFileType = sourcecode.swift; path = EditMemoryConfigurator.swift; sourceTree = "<group>"; };
		A689305224694E3600429EDE /* MemoryRouter.swift */ = {isa = PBXFileReference; lastKnownFileType = sourcecode.swift; path = MemoryRouter.swift; sourceTree = "<group>"; };
		A689305424694EC500429EDE /* AddMemoryRouter.swift */ = {isa = PBXFileReference; lastKnownFileType = sourcecode.swift; path = AddMemoryRouter.swift; sourceTree = "<group>"; };
		A689305624694EF800429EDE /* EditMemoryRouter.swift */ = {isa = PBXFileReference; lastKnownFileType = sourcecode.swift; path = EditMemoryRouter.swift; sourceTree = "<group>"; };
		A689305824694F4E00429EDE /* MemoryViewModel.swift */ = {isa = PBXFileReference; lastKnownFileType = sourcecode.swift; path = MemoryViewModel.swift; sourceTree = "<group>"; };
		A689305A2469527400429EDE /* AddMemoryViewModel.swift */ = {isa = PBXFileReference; lastKnownFileType = sourcecode.swift; path = AddMemoryViewModel.swift; sourceTree = "<group>"; };
		A689305C2469543B00429EDE /* EditMemoryViewModel.swift */ = {isa = PBXFileReference; lastKnownFileType = sourcecode.swift; path = EditMemoryViewModel.swift; sourceTree = "<group>"; };
		A6A83A082439FB3B001EEF67 /* Default-568h@2x.png */ = {isa = PBXFileReference; lastKnownFileType = image.png; path = "Default-568h@2x.png"; sourceTree = "<group>"; };
		A6A83A0A243B3011001EEF67 /* User.swift */ = {isa = PBXFileReference; lastKnownFileType = sourcecode.swift; path = User.swift; sourceTree = "<group>"; };
		A6A83A0C243B3032001EEF67 /* Memory.swift */ = {isa = PBXFileReference; lastKnownFileType = sourcecode.swift; path = Memory.swift; sourceTree = "<group>"; };
		A6A83A11243E25D9001EEF67 /* ProfileTableViewCell.swift */ = {isa = PBXFileReference; lastKnownFileType = sourcecode.swift; path = ProfileTableViewCell.swift; sourceTree = "<group>"; };
		A6A83A15243F5BD8001EEF67 /* SectionTableViewCell.swift */ = {isa = PBXFileReference; lastKnownFileType = sourcecode.swift; path = SectionTableViewCell.swift; sourceTree = "<group>"; };
		A6A83A1F2440C447001EEF67 /* MemoryTableViewCell.swift */ = {isa = PBXFileReference; lastKnownFileType = sourcecode.swift; path = MemoryTableViewCell.swift; sourceTree = "<group>"; };
		A6A83A232440C821001EEF67 /* MemoryVC.swift */ = {isa = PBXFileReference; lastKnownFileType = sourcecode.swift; path = MemoryVC.swift; sourceTree = "<group>"; };
		A6A83A252441C25B001EEF67 /* AddMemoryVC.swift */ = {isa = PBXFileReference; lastKnownFileType = sourcecode.swift; path = AddMemoryVC.swift; sourceTree = "<group>"; };
		A6B2C9F824508BBA004FFE59 /* ProfileVC.swift */ = {isa = PBXFileReference; lastKnownFileType = sourcecode.swift; path = ProfileVC.swift; sourceTree = "<group>"; };
		A6B2C9FC24508E8B004FFE59 /* ProfileListVC.swift */ = {isa = PBXFileReference; lastKnownFileType = sourcecode.swift; path = ProfileListVC.swift; sourceTree = "<group>"; };
		A6B2C9FE2451954B004FFE59 /* SectionVC.swift */ = {isa = PBXFileReference; lastKnownFileType = sourcecode.swift; path = SectionVC.swift; sourceTree = "<group>"; };
		A6B2CA002451AD62004FFE59 /* SubsectionVC.swift */ = {isa = PBXFileReference; lastKnownFileType = sourcecode.swift; path = SubsectionVC.swift; sourceTree = "<group>"; };
		A6B2CA0224532C60004FFE59 /* AddSectionVC.swift */ = {isa = PBXFileReference; lastKnownFileType = sourcecode.swift; path = AddSectionVC.swift; sourceTree = "<group>"; };
		A6B2CA0424534028004FFE59 /* EditSectionVC.swift */ = {isa = PBXFileReference; lastKnownFileType = sourcecode.swift; path = EditSectionVC.swift; sourceTree = "<group>"; };
		A6B2CA0624541F7D004FFE59 /* AddSubsectionVC.swift */ = {isa = PBXFileReference; lastKnownFileType = sourcecode.swift; path = AddSubsectionVC.swift; sourceTree = "<group>"; };
		A6B2CA0824541FF8004FFE59 /* EditSubsectionVC.swift */ = {isa = PBXFileReference; lastKnownFileType = sourcecode.swift; path = EditSubsectionVC.swift; sourceTree = "<group>"; };
		A6B2CA0A245441E2004FFE59 /* EditMemoryVC.swift */ = {isa = PBXFileReference; lastKnownFileType = sourcecode.swift; path = EditMemoryVC.swift; sourceTree = "<group>"; };
		B450D73E3A65892F6766D402 /* Pods-StoryBook.release.xcconfig */ = {isa = PBXFileReference; includeInIndex = 1; lastKnownFileType = text.xcconfig; name = "Pods-StoryBook.release.xcconfig"; path = "Target Support Files/Pods-StoryBook/Pods-StoryBook.release.xcconfig"; sourceTree = "<group>"; };
		E194BF59D0C17ED0EC294602 /* Pods_StoryBook.framework */ = {isa = PBXFileReference; explicitFileType = wrapper.framework; includeInIndex = 0; path = Pods_StoryBook.framework; sourceTree = BUILT_PRODUCTS_DIR; };
/* End PBXFileReference section */

/* Begin PBXFrameworksBuildPhase section */
		A64E01D124387E2B003B25C3 /* Frameworks */ = {
			isa = PBXFrameworksBuildPhase;
			buildActionMask = 2147483647;
			files = (
				8DDE3CED8FFA8A98F61AF8A4 /* Pods_StoryBook.framework in Frameworks */,
			);
			runOnlyForDeploymentPostprocessing = 0;
		};
/* End PBXFrameworksBuildPhase section */

/* Begin PBXGroup section */
		56101C742458223A00C246FB /* MVVM */ = {
			isa = PBXGroup;
			children = (
				A662222B246466CE00399766 /* Auth */,
				56101C75245822E500C246FB /* Profiles */,
				A66222212462D9E300399766 /* Sections */,
				A662222D2464676000399766 /* Subsections */,
				A6622231246467C000399766 /* Memories */,
			);
			path = MVVM;
			sourceTree = "<group>";
		};
		56101C75245822E500C246FB /* Profiles */ = {
			isa = PBXGroup;
			children = (
				A66222262464658300399766 /* ProfileList */,
				A662221E246150AD00399766 /* Profile */,
				A6622227246465B400399766 /* AddProfile */,
				A6622228246465C400399766 /* EditProfile */,
			);
			path = Profiles;
			sourceTree = "<group>";
		};
		A64E01CB24387E2B003B25C3 = {
			isa = PBXGroup;
			children = (
				A6A83A082439FB3B001EEF67 /* Default-568h@2x.png */,
				A64E01D624387E2B003B25C3 /* StoryBook */,
				A64E01D524387E2B003B25C3 /* Products */,
				D6A56EC788A3908C9662DF77 /* Pods */,
				FC0828277E1F70EE0A054132 /* Frameworks */,
			);
			sourceTree = "<group>";
		};
		A64E01D524387E2B003B25C3 /* Products */ = {
			isa = PBXGroup;
			children = (
				A64E01D424387E2B003B25C3 /* StoryBook.app */,
			);
			name = Products;
			sourceTree = "<group>";
		};
		A64E01D624387E2B003B25C3 /* StoryBook */ = {
			isa = PBXGroup;
			children = (
				56101C742458223A00C246FB /* MVVM */,
				A6A83A17243F5BF1001EEF67 /* Custom cells */,
				A6A83A0E243B33A5001EEF67 /* Views */,
				A64E01F12439D36B003B25C3 /* SupportingFiles */,
				A64E01F32439D3B8003B25C3 /* DataTypes */,
			);
			path = StoryBook;
			sourceTree = "<group>";
		};
		A64E01F12439D36B003B25C3 /* SupportingFiles */ = {
			isa = PBXGroup;
			children = (
				A64E01D724387E2B003B25C3 /* AppDelegate.swift */,
				A64E01D924387E2B003B25C3 /* SceneDelegate.swift */,
				A64E01E024387E2D003B25C3 /* Assets.xcassets */,
				A64E01E224387E2D003B25C3 /* LaunchScreen.storyboard */,
				A64E01F42439D798003B25C3 /* GoogleService-Info.plist */,
				A64E01E524387E2D003B25C3 /* Info.plist */,
			);
			path = SupportingFiles;
			sourceTree = "<group>";
		};
		A64E01F32439D3B8003B25C3 /* DataTypes */ = {
			isa = PBXGroup;
			children = (
				A662224B2467FC5600399766 /* Protocols.swift */,
				A6A83A0A243B3011001EEF67 /* User.swift */,
				A6A83A0C243B3032001EEF67 /* Memory.swift */,
				A64E01EB24387E65003B25C3 /* Profile.swift */,
				A66222492467FBCB00399766 /* Section.swift */,
			);
			path = DataTypes;
			sourceTree = "<group>";
		};
		A662221E246150AD00399766 /* Profile */ = {
			isa = PBXGroup;
			children = (
				A6B2C9F824508BBA004FFE59 /* ProfileVC.swift */,
				A662221F2461510900399766 /* ProfileViewModel.swift */,
				568517D724640CCC0016DBAE /* ProfileConfigurator.swift */,
				568517D924640D1E0016DBAE /* ProfileRouter.swift */,
				A66222392466A17000399766 /* Profile.storyboard */,
			);
			path = Profile;
			sourceTree = "<group>";
		};
		A66222212462D9E300399766 /* Sections */ = {
			isa = PBXGroup;
			children = (
				A66222292464666000399766 /* Section */,
				A662222A2464668900399766 /* AddSection */,
				A662222C2464672900399766 /* EditSection */,
			);
			path = Sections;
			sourceTree = "<group>";
		};
		A66222262464658300399766 /* ProfileList */ = {
			isa = PBXGroup;
			children = (
				A6B2C9FC24508E8B004FFE59 /* ProfileListVC.swift */,
				56101C782458236000C246FB /* ProfileListViewModel.swift */,
				568517D32463F76B0016DBAE /* ProfileListRouter.swift */,
				568517D52463FC280016DBAE /* ProfileListConfigurator.swift */,
				A6622224246462AC00399766 /* ProfileList.storyboard */,
			);
			path = ProfileList;
			sourceTree = "<group>";
		};
		A6622227246465B400399766 /* AddProfile */ = {
			isa = PBXGroup;
			children = (
				A65B2DB4244A0731000729B8 /* AddProfileVC.swift */,
				A66222412467056C00399766 /* AddProfileViewModel.swift */,
				A66222432467057E00399766 /* AddProfileRouter.swift */,
				A66222452467059500399766 /* AddProfileConfigurator.swift */,
				A66222352466A09300399766 /* AddProfile.storyboard */,
			);
			path = AddProfile;
			sourceTree = "<group>";
		};
		A6622228246465C400399766 /* EditProfile */ = {
			isa = PBXGroup;
			children = (
				A65B2DB6244DAAA3000729B8 /* EditProfileVC.swift */,
				A662223B2466A6EE00399766 /* EditProfileViewModel.swift */,
				A662223D2466AE1700399766 /* EditProfileRouter.swift */,
				A662223F2466AEE800399766 /* EditProfileConfigurator.swift */,
				A66222372466A13D00399766 /* EditProfile.storyboard */,
			);
			path = EditProfile;
			sourceTree = "<group>";
		};
		A66222292464666000399766 /* Section */ = {
			isa = PBXGroup;
			children = (
				A6B2C9FE2451954B004FFE59 /* SectionVC.swift */,
				A66222222462DA1100399766 /* SectionViewModel.swift */,
				A6622257246802FA00399766 /* SectionRouter.swift */,
				A66222552468021000399766 /* SectionConfiguratior.swift */,
				A662224E2467FEE100399766 /* Section.storyboard */,
			);
			path = Section;
			sourceTree = "<group>";
		};
		A662222A2464668900399766 /* AddSection */ = {
			isa = PBXGroup;
			children = (
				A6B2CA0224532C60004FFE59 /* AddSectionVC.swift */,
				A66222632468242600399766 /* AddSectionViewModel.swift */,
				A662225B2468073800399766 /* AddSectionRouter.swift */,
				A662225F246808A100399766 /* AddSectionConfigurator.swift */,
				A66222532467FF0600399766 /* AddSection.storyboard */,
			);
			path = AddSection;
			sourceTree = "<group>";
		};
		A662222B246466CE00399766 /* Auth */ = {
			isa = PBXGroup;
			children = (
				A64E01DB24387E2B003B25C3 /* AuthVC.swift */,
				A66222472467FB1D00399766 /* Auth.storyboard */,
			);
			path = Auth;
			sourceTree = "<group>";
		};
		A662222C2464672900399766 /* EditSection */ = {
			isa = PBXGroup;
			children = (
				A6B2CA0424534028004FFE59 /* EditSectionVC.swift */,
				A66222612468225A00399766 /* EditSectionViewModel.swift */,
				A66222592468072900399766 /* EditSectionRouter.swift */,
				A662225D246807F000399766 /* EditSectionConfigurator.swift */,
				A66222502467FEF100399766 /* EditSection.storyboard */,
			);
			path = EditSection;
			sourceTree = "<group>";
		};
		A662222D2464676000399766 /* Subsections */ = {
			isa = PBXGroup;
			children = (
				A66222302464678400399766 /* Subsection */,
				A662222F2464678000399766 /* AddSubsection */,
				A662222E2464677B00399766 /* EditSubsection */,
			);
			path = Subsections;
			sourceTree = "<group>";
		};
		A662222E2464677B00399766 /* EditSubsection */ = {
			isa = PBXGroup;
			children = (
				A6B2CA0824541FF8004FFE59 /* EditSubsectionVC.swift */,
				A68930442469437600429EDE /* EditSubsectionViewModel.swift */,
				A689303E24693BA800429EDE /* EditSubsectionRouter.swift */,
				A689303824693A2A00429EDE /* EditSubsectionConfigurator.swift */,
				A689302E24685F3300429EDE /* EditSubsection.storyboard */,
			);
			path = EditSubsection;
			sourceTree = "<group>";
		};
		A662222F2464678000399766 /* AddSubsection */ = {
			isa = PBXGroup;
			children = (
				A6B2CA0624541F7D004FFE59 /* AddSubsectionVC.swift */,
				A68930422469418900429EDE /* AddSubsectionViewModel.swift */,
				A689303C24693B6C00429EDE /* AddSubsectionRouter.swift */,
				A6893036246939A500429EDE /* AddSubsectionConfigurator.swift */,
				A689303024685F4700429EDE /* AddSubsection.storyboard */,
			);
			path = AddSubsection;
			sourceTree = "<group>";
		};
		A66222302464678400399766 /* Subsection */ = {
			isa = PBXGroup;
			children = (
				A6B2CA002451AD62004FFE59 /* SubsectionVC.swift */,
				A689304024693C1800429EDE /* SubsectionViewModel.swift */,
				A689303A24693A9300429EDE /* SubsectionRouter.swift */,
				A68930342468632900429EDE /* SubsectionConfigurator.swift */,
				A689303224685F5900429EDE /* Subsection.storyboard */,
			);
			path = Subsection;
			sourceTree = "<group>";
		};
		A6622231246467C000399766 /* Memories */ = {
			isa = PBXGroup;
			children = (
				A6622234246467D100399766 /* Memory */,
				A6622233246467CE00399766 /* AddMemory */,
				A6622232246467CB00399766 /* EditMemory */,
			);
			path = Memories;
			sourceTree = "<group>";
		};
		A6622232246467CB00399766 /* EditMemory */ = {
			isa = PBXGroup;
			children = (
				A6B2CA0A245441E2004FFE59 /* EditMemoryVC.swift */,
				A689305C2469543B00429EDE /* EditMemoryViewModel.swift */,
				A689305624694EF800429EDE /* EditMemoryRouter.swift */,
				A689305024694DD200429EDE /* EditMemoryConfigurator.swift */,
				A689304C24694B5B00429EDE /* EditMemory.storyboard */,
			);
			path = EditMemory;
			sourceTree = "<group>";
		};
		A6622233246467CE00399766 /* AddMemory */ = {
			isa = PBXGroup;
			children = (
				A6A83A252441C25B001EEF67 /* AddMemoryVC.swift */,
				A689305A2469527400429EDE /* AddMemoryViewModel.swift */,
				A689305424694EC500429EDE /* AddMemoryRouter.swift */,
				A689304824694AB200429EDE /* AddMemoryConfigurator.swift */,
				A689304A24694ADB00429EDE /* AddMemory.storyboard */,
			);
			path = AddMemory;
			sourceTree = "<group>";
		};
		A6622234246467D100399766 /* Memory */ = {
			isa = PBXGroup;
			children = (
				A6A83A232440C821001EEF67 /* MemoryVC.swift */,
				A689305824694F4E00429EDE /* MemoryViewModel.swift */,
				A689305224694E3600429EDE /* MemoryRouter.swift */,
				A689304E24694C3B00429EDE /* MemoryConfigurator.swift */,
				A6893046246949EF00429EDE /* Memory.storyboard */,
			);
			path = Memory;
			sourceTree = "<group>";
		};
		A6A83A0E243B33A5001EEF67 /* Views */ = {
			isa = PBXGroup;
			children = (
				A64E01DD24387E2B003B25C3 /* Main.storyboard */,
			);
			path = Views;
			sourceTree = "<group>";
		};
		A6A83A17243F5BF1001EEF67 /* Custom cells */ = {
			isa = PBXGroup;
			children = (
				A6A83A11243E25D9001EEF67 /* ProfileTableViewCell.swift */,
				A6A83A15243F5BD8001EEF67 /* SectionTableViewCell.swift */,
				A6A83A1F2440C447001EEF67 /* MemoryTableViewCell.swift */,
			);
			path = "Custom cells";
			sourceTree = "<group>";
		};
		D6A56EC788A3908C9662DF77 /* Pods */ = {
			isa = PBXGroup;
			children = (
				33A5F1036BC6BC4C4CF02566 /* Pods-StoryBook.debug.xcconfig */,
				B450D73E3A65892F6766D402 /* Pods-StoryBook.release.xcconfig */,
			);
			path = Pods;
			sourceTree = "<group>";
		};
		FC0828277E1F70EE0A054132 /* Frameworks */ = {
			isa = PBXGroup;
			children = (
				E194BF59D0C17ED0EC294602 /* Pods_StoryBook.framework */,
			);
			name = Frameworks;
			sourceTree = "<group>";
		};
/* End PBXGroup section */

/* Begin PBXNativeTarget section */
		A64E01D324387E2B003B25C3 /* StoryBook */ = {
			isa = PBXNativeTarget;
			buildConfigurationList = A64E01E824387E2D003B25C3 /* Build configuration list for PBXNativeTarget "StoryBook" */;
			buildPhases = (
				456595DBB010377BAD279223 /* [CP] Check Pods Manifest.lock */,
				A64E01D024387E2B003B25C3 /* Sources */,
				A64E01D124387E2B003B25C3 /* Frameworks */,
				A64E01D224387E2B003B25C3 /* Resources */,
				8A523BDE8427CB9C5F356CAA /* [CP] Embed Pods Frameworks */,
			);
			buildRules = (
			);
			dependencies = (
			);
			name = StoryBook;
			productName = StoryBook;
			productReference = A64E01D424387E2B003B25C3 /* StoryBook.app */;
			productType = "com.apple.product-type.application";
		};
/* End PBXNativeTarget section */

/* Begin PBXProject section */
		A64E01CC24387E2B003B25C3 /* Project object */ = {
			isa = PBXProject;
			attributes = {
				LastSwiftUpdateCheck = 1140;
				LastUpgradeCheck = 1140;
				ORGANIZATIONNAME = "Anastasia Legert";
				TargetAttributes = {
					A64E01D324387E2B003B25C3 = {
						CreatedOnToolsVersion = 11.4;
					};
				};
			};
			buildConfigurationList = A64E01CF24387E2B003B25C3 /* Build configuration list for PBXProject "StoryBook" */;
			compatibilityVersion = "Xcode 9.3";
			developmentRegion = en;
			hasScannedForEncodings = 0;
			knownRegions = (
				en,
				Base,
			);
			mainGroup = A64E01CB24387E2B003B25C3;
			productRefGroup = A64E01D524387E2B003B25C3 /* Products */;
			projectDirPath = "";
			projectRoot = "";
			targets = (
				A64E01D324387E2B003B25C3 /* StoryBook */,
			);
		};
/* End PBXProject section */

/* Begin PBXResourcesBuildPhase section */
		A64E01D224387E2B003B25C3 /* Resources */ = {
			isa = PBXResourcesBuildPhase;
			buildActionMask = 2147483647;
			files = (
				A66222512467FEF100399766 /* EditSection.storyboard in Resources */,
				A6622225246462AC00399766 /* ProfileList.storyboard in Resources */,
				A66222542467FF0600399766 /* AddSection.storyboard in Resources */,
				A662224F2467FEE100399766 /* Section.storyboard in Resources */,
				A64E01E424387E2D003B25C3 /* LaunchScreen.storyboard in Resources */,
				A66222482467FB1D00399766 /* Auth.storyboard in Resources */,
				A64E01F52439D798003B25C3 /* GoogleService-Info.plist in Resources */,
				A66222362466A09300399766 /* AddProfile.storyboard in Resources */,
				A66222382466A13D00399766 /* EditProfile.storyboard in Resources */,
				A689304D24694B5B00429EDE /* EditMemory.storyboard in Resources */,
				A64E01E124387E2D003B25C3 /* Assets.xcassets in Resources */,
				A662223A2466A17000399766 /* Profile.storyboard in Resources */,
				A689303324685F5900429EDE /* Subsection.storyboard in Resources */,
				A6A83A092439FB3B001EEF67 /* Default-568h@2x.png in Resources */,
				A64E01DF24387E2B003B25C3 /* Main.storyboard in Resources */,
				A689302F24685F3300429EDE /* EditSubsection.storyboard in Resources */,
				A689304B24694ADB00429EDE /* AddMemory.storyboard in Resources */,
				A6893047246949EF00429EDE /* Memory.storyboard in Resources */,
				A689303124685F4700429EDE /* AddSubsection.storyboard in Resources */,
			);
			runOnlyForDeploymentPostprocessing = 0;
		};
/* End PBXResourcesBuildPhase section */

/* Begin PBXShellScriptBuildPhase section */
		456595DBB010377BAD279223 /* [CP] Check Pods Manifest.lock */ = {
			isa = PBXShellScriptBuildPhase;
			buildActionMask = 2147483647;
			files = (
			);
			inputFileListPaths = (
			);
			inputPaths = (
				"${PODS_PODFILE_DIR_PATH}/Podfile.lock",
				"${PODS_ROOT}/Manifest.lock",
			);
			name = "[CP] Check Pods Manifest.lock";
			outputFileListPaths = (
			);
			outputPaths = (
				"$(DERIVED_FILE_DIR)/Pods-StoryBook-checkManifestLockResult.txt",
			);
			runOnlyForDeploymentPostprocessing = 0;
			shellPath = /bin/sh;
			shellScript = "diff \"${PODS_PODFILE_DIR_PATH}/Podfile.lock\" \"${PODS_ROOT}/Manifest.lock\" > /dev/null\nif [ $? != 0 ] ; then\n    # print error to STDERR\n    echo \"error: The sandbox is not in sync with the Podfile.lock. Run 'pod install' or update your CocoaPods installation.\" >&2\n    exit 1\nfi\n# This output is used by Xcode 'outputs' to avoid re-running this script phase.\necho \"SUCCESS\" > \"${SCRIPT_OUTPUT_FILE_0}\"\n";
			showEnvVarsInLog = 0;
		};
		8A523BDE8427CB9C5F356CAA /* [CP] Embed Pods Frameworks */ = {
			isa = PBXShellScriptBuildPhase;
			buildActionMask = 2147483647;
			files = (
			);
			inputFileListPaths = (
				"${PODS_ROOT}/Target Support Files/Pods-StoryBook/Pods-StoryBook-frameworks-${CONFIGURATION}-input-files.xcfilelist",
			);
			name = "[CP] Embed Pods Frameworks";
			outputFileListPaths = (
				"${PODS_ROOT}/Target Support Files/Pods-StoryBook/Pods-StoryBook-frameworks-${CONFIGURATION}-output-files.xcfilelist",
			);
			runOnlyForDeploymentPostprocessing = 0;
			shellPath = /bin/sh;
			shellScript = "\"${PODS_ROOT}/Target Support Files/Pods-StoryBook/Pods-StoryBook-frameworks.sh\"\n";
			showEnvVarsInLog = 0;
		};
/* End PBXShellScriptBuildPhase section */

/* Begin PBXSourcesBuildPhase section */
		A64E01D024387E2B003B25C3 /* Sources */ = {
			isa = PBXSourcesBuildPhase;
			buildActionMask = 2147483647;
			files = (
				A6B2CA0324532C60004FFE59 /* AddSectionVC.swift in Sources */,
				A6A83A212440C447001EEF67 /* MemoryTableViewCell.swift in Sources */,
				A6B2CA0724541F7D004FFE59 /* AddSubsectionVC.swift in Sources */,
				A662225C2468073800399766 /* AddSectionRouter.swift in Sources */,
				A66222622468225A00399766 /* EditSectionViewModel.swift in Sources */,
				568517D42463F76B0016DBAE /* ProfileListRouter.swift in Sources */,
				A6B2CA0524534028004FFE59 /* EditSectionVC.swift in Sources */,
				A689304F24694C3B00429EDE /* MemoryConfigurator.swift in Sources */,
				A662224A2467FBCB00399766 /* Section.swift in Sources */,
				A689304924694AB200429EDE /* AddMemoryConfigurator.swift in Sources */,
				A6A83A262441C25B001EEF67 /* AddMemoryVC.swift in Sources */,
				A6893037246939A500429EDE /* AddSubsectionConfigurator.swift in Sources */,
				A689305124694DD200429EDE /* EditMemoryConfigurator.swift in Sources */,
				A66222232462DA1100399766 /* SectionViewModel.swift in Sources */,
				A689303D24693B6C00429EDE /* AddSubsectionRouter.swift in Sources */,
				A689305924694F4E00429EDE /* MemoryViewModel.swift in Sources */,
				A6A83A0D243B3032001EEF67 /* Memory.swift in Sources */,
				A66222202461510900399766 /* ProfileViewModel.swift in Sources */,
				A64E01DC24387E2B003B25C3 /* AuthVC.swift in Sources */,
				A689305D2469543B00429EDE /* EditMemoryViewModel.swift in Sources */,
				A66222402466AEE800399766 /* EditProfileConfigurator.swift in Sources */,
				A65B2DB5244A0731000729B8 /* AddProfileVC.swift in Sources */,
				A6B2C9FD24508E8B004FFE59 /* ProfileListVC.swift in Sources */,
				A64E01EC24387E65003B25C3 /* Profile.swift in Sources */,
				A6A83A12243E25D9001EEF67 /* ProfileTableViewCell.swift in Sources */,
				A662223E2466AE1700399766 /* EditProfileRouter.swift in Sources */,
				A66222642468242600399766 /* AddSectionViewModel.swift in Sources */,
				A64E01D824387E2B003B25C3 /* AppDelegate.swift in Sources */,
				A689303924693A2A00429EDE /* EditSubsectionConfigurator.swift in Sources */,
				A689303B24693A9300429EDE /* SubsectionRouter.swift in Sources */,
				A689303F24693BA800429EDE /* EditSubsectionRouter.swift in Sources */,
				A689305724694EF800429EDE /* EditMemoryRouter.swift in Sources */,
				56101C792458236000C246FB /* ProfileListViewModel.swift in Sources */,
				A689304124693C1800429EDE /* SubsectionViewModel.swift in Sources */,
				A662225E246807F000399766 /* EditSectionConfigurator.swift in Sources */,
				A65B2DB7244DAAA3000729B8 /* EditProfileVC.swift in Sources */,
				A64E01DA24387E2B003B25C3 /* SceneDelegate.swift in Sources */,
				A6622258246802FA00399766 /* SectionRouter.swift in Sources */,
				568517DA24640D1E0016DBAE /* ProfileRouter.swift in Sources */,
				A66222442467057E00399766 /* AddProfileRouter.swift in Sources */,
				A6A83A0B243B3011001EEF67 /* User.swift in Sources */,
				A68930352468632900429EDE /* SubsectionConfigurator.swift in Sources */,
				A6B2CA012451AD62004FFE59 /* SubsectionVC.swift in Sources */,
				A662225A2468072900399766 /* EditSectionRouter.swift in Sources */,
				A68930432469418900429EDE /* AddSubsectionViewModel.swift in Sources */,
				A662224C2467FC5600399766 /* Protocols.swift in Sources */,
				A6A83A16243F5BD8001EEF67 /* SectionTableViewCell.swift in Sources */,
				568517D824640CCC0016DBAE /* ProfileConfigurator.swift in Sources */,
				A689305524694EC500429EDE /* AddMemoryRouter.swift in Sources */,
				A662223C2466A6EE00399766 /* EditProfileViewModel.swift in Sources */,
				A6B2CA0B245441E2004FFE59 /* EditMemoryVC.swift in Sources */,
				A689305324694E3600429EDE /* MemoryRouter.swift in Sources */,
				A6A83A242440C821001EEF67 /* MemoryVC.swift in Sources */,
				A6B2C9F924508BBA004FFE59 /* ProfileVC.swift in Sources */,
				A66222562468021000399766 /* SectionConfiguratior.swift in Sources */,
				A68930452469437600429EDE /* EditSubsectionViewModel.swift in Sources */,
				A689305B2469527400429EDE /* AddMemoryViewModel.swift in Sources */,
				A66222422467056C00399766 /* AddProfileViewModel.swift in Sources */,
				A6B2C9FF2451954B004FFE59 /* SectionVC.swift in Sources */,
				A6622260246808A100399766 /* AddSectionConfigurator.swift in Sources */,
				A6B2CA0924541FF8004FFE59 /* EditSubsectionVC.swift in Sources */,
				568517D62463FC280016DBAE /* ProfileListConfigurator.swift in Sources */,
				A66222462467059500399766 /* AddProfileConfigurator.swift in Sources */,
			);
			runOnlyForDeploymentPostprocessing = 0;
		};
/* End PBXSourcesBuildPhase section */

/* Begin PBXVariantGroup section */
		A64E01DD24387E2B003B25C3 /* Main.storyboard */ = {
			isa = PBXVariantGroup;
			children = (
				A64E01DE24387E2B003B25C3 /* Base */,
			);
			name = Main.storyboard;
			sourceTree = "<group>";
		};
		A64E01E224387E2D003B25C3 /* LaunchScreen.storyboard */ = {
			isa = PBXVariantGroup;
			children = (
				A64E01E324387E2D003B25C3 /* Base */,
			);
			name = LaunchScreen.storyboard;
			sourceTree = "<group>";
		};
/* End PBXVariantGroup section */

/* Begin XCBuildConfiguration section */
		A64E01E624387E2D003B25C3 /* Debug */ = {
			isa = XCBuildConfiguration;
			buildSettings = {
				ALWAYS_SEARCH_USER_PATHS = NO;
				CLANG_ANALYZER_NONNULL = YES;
				CLANG_ANALYZER_NUMBER_OBJECT_CONVERSION = YES_AGGRESSIVE;
				CLANG_CXX_LANGUAGE_STANDARD = "gnu++14";
				CLANG_CXX_LIBRARY = "libc++";
				CLANG_ENABLE_MODULES = YES;
				CLANG_ENABLE_OBJC_ARC = YES;
				CLANG_ENABLE_OBJC_WEAK = YES;
				CLANG_WARN_BLOCK_CAPTURE_AUTORELEASING = YES;
				CLANG_WARN_BOOL_CONVERSION = YES;
				CLANG_WARN_COMMA = YES;
				CLANG_WARN_CONSTANT_CONVERSION = YES;
				CLANG_WARN_DEPRECATED_OBJC_IMPLEMENTATIONS = YES;
				CLANG_WARN_DIRECT_OBJC_ISA_USAGE = YES_ERROR;
				CLANG_WARN_DOCUMENTATION_COMMENTS = YES;
				CLANG_WARN_EMPTY_BODY = YES;
				CLANG_WARN_ENUM_CONVERSION = YES;
				CLANG_WARN_INFINITE_RECURSION = YES;
				CLANG_WARN_INT_CONVERSION = YES;
				CLANG_WARN_NON_LITERAL_NULL_CONVERSION = YES;
				CLANG_WARN_OBJC_IMPLICIT_RETAIN_SELF = YES;
				CLANG_WARN_OBJC_LITERAL_CONVERSION = YES;
				CLANG_WARN_OBJC_ROOT_CLASS = YES_ERROR;
				CLANG_WARN_RANGE_LOOP_ANALYSIS = YES;
				CLANG_WARN_STRICT_PROTOTYPES = YES;
				CLANG_WARN_SUSPICIOUS_MOVE = YES;
				CLANG_WARN_UNGUARDED_AVAILABILITY = YES_AGGRESSIVE;
				CLANG_WARN_UNREACHABLE_CODE = YES;
				CLANG_WARN__DUPLICATE_METHOD_MATCH = YES;
				COPY_PHASE_STRIP = NO;
				DEBUG_INFORMATION_FORMAT = dwarf;
				ENABLE_STRICT_OBJC_MSGSEND = YES;
				ENABLE_TESTABILITY = YES;
				GCC_C_LANGUAGE_STANDARD = gnu11;
				GCC_DYNAMIC_NO_PIC = NO;
				GCC_NO_COMMON_BLOCKS = YES;
				GCC_OPTIMIZATION_LEVEL = 0;
				GCC_PREPROCESSOR_DEFINITIONS = (
					"DEBUG=1",
					"$(inherited)",
				);
				GCC_WARN_64_TO_32_BIT_CONVERSION = YES;
				GCC_WARN_ABOUT_RETURN_TYPE = YES_ERROR;
				GCC_WARN_UNDECLARED_SELECTOR = YES;
				GCC_WARN_UNINITIALIZED_AUTOS = YES_AGGRESSIVE;
				GCC_WARN_UNUSED_FUNCTION = YES;
				GCC_WARN_UNUSED_VARIABLE = YES;
				IPHONEOS_DEPLOYMENT_TARGET = 13.4;
				MTL_ENABLE_DEBUG_INFO = INCLUDE_SOURCE;
				MTL_FAST_MATH = YES;
				ONLY_ACTIVE_ARCH = YES;
				SDKROOT = iphoneos;
				SWIFT_ACTIVE_COMPILATION_CONDITIONS = DEBUG;
				SWIFT_OPTIMIZATION_LEVEL = "-Onone";
			};
			name = Debug;
		};
		A64E01E724387E2D003B25C3 /* Release */ = {
			isa = XCBuildConfiguration;
			buildSettings = {
				ALWAYS_SEARCH_USER_PATHS = NO;
				CLANG_ANALYZER_NONNULL = YES;
				CLANG_ANALYZER_NUMBER_OBJECT_CONVERSION = YES_AGGRESSIVE;
				CLANG_CXX_LANGUAGE_STANDARD = "gnu++14";
				CLANG_CXX_LIBRARY = "libc++";
				CLANG_ENABLE_MODULES = YES;
				CLANG_ENABLE_OBJC_ARC = YES;
				CLANG_ENABLE_OBJC_WEAK = YES;
				CLANG_WARN_BLOCK_CAPTURE_AUTORELEASING = YES;
				CLANG_WARN_BOOL_CONVERSION = YES;
				CLANG_WARN_COMMA = YES;
				CLANG_WARN_CONSTANT_CONVERSION = YES;
				CLANG_WARN_DEPRECATED_OBJC_IMPLEMENTATIONS = YES;
				CLANG_WARN_DIRECT_OBJC_ISA_USAGE = YES_ERROR;
				CLANG_WARN_DOCUMENTATION_COMMENTS = YES;
				CLANG_WARN_EMPTY_BODY = YES;
				CLANG_WARN_ENUM_CONVERSION = YES;
				CLANG_WARN_INFINITE_RECURSION = YES;
				CLANG_WARN_INT_CONVERSION = YES;
				CLANG_WARN_NON_LITERAL_NULL_CONVERSION = YES;
				CLANG_WARN_OBJC_IMPLICIT_RETAIN_SELF = YES;
				CLANG_WARN_OBJC_LITERAL_CONVERSION = YES;
				CLANG_WARN_OBJC_ROOT_CLASS = YES_ERROR;
				CLANG_WARN_RANGE_LOOP_ANALYSIS = YES;
				CLANG_WARN_STRICT_PROTOTYPES = YES;
				CLANG_WARN_SUSPICIOUS_MOVE = YES;
				CLANG_WARN_UNGUARDED_AVAILABILITY = YES_AGGRESSIVE;
				CLANG_WARN_UNREACHABLE_CODE = YES;
				CLANG_WARN__DUPLICATE_METHOD_MATCH = YES;
				COPY_PHASE_STRIP = NO;
				DEBUG_INFORMATION_FORMAT = "dwarf-with-dsym";
				ENABLE_NS_ASSERTIONS = NO;
				ENABLE_STRICT_OBJC_MSGSEND = YES;
				GCC_C_LANGUAGE_STANDARD = gnu11;
				GCC_NO_COMMON_BLOCKS = YES;
				GCC_WARN_64_TO_32_BIT_CONVERSION = YES;
				GCC_WARN_ABOUT_RETURN_TYPE = YES_ERROR;
				GCC_WARN_UNDECLARED_SELECTOR = YES;
				GCC_WARN_UNINITIALIZED_AUTOS = YES_AGGRESSIVE;
				GCC_WARN_UNUSED_FUNCTION = YES;
				GCC_WARN_UNUSED_VARIABLE = YES;
				IPHONEOS_DEPLOYMENT_TARGET = 13.4;
				MTL_ENABLE_DEBUG_INFO = NO;
				MTL_FAST_MATH = YES;
				SDKROOT = iphoneos;
				SWIFT_COMPILATION_MODE = wholemodule;
				SWIFT_OPTIMIZATION_LEVEL = "-O";
				VALIDATE_PRODUCT = YES;
			};
			name = Release;
		};
		A64E01E924387E2D003B25C3 /* Debug */ = {
			isa = XCBuildConfiguration;
			baseConfigurationReference = 33A5F1036BC6BC4C4CF02566 /* Pods-StoryBook.debug.xcconfig */;
			buildSettings = {
				ASSETCATALOG_COMPILER_APPICON_NAME = AppIcon;
				CODE_SIGN_STYLE = Automatic;
				DEVELOPMENT_TEAM = PBAM7BN95C;
				INFOPLIST_FILE = StoryBook/SupportingFiles/Info.plist;
				IPHONEOS_DEPLOYMENT_TARGET = 13.0;
				LD_RUNPATH_SEARCH_PATHS = (
					"$(inherited)",
					"@executable_path/Frameworks",
				);
				PRODUCT_BUNDLE_IDENTIFIER = ru.legert.StoryBook;
				PRODUCT_NAME = "$(TARGET_NAME)";
				SWIFT_VERSION = 5.0;
				TARGETED_DEVICE_FAMILY = "1,2";
			};
			name = Debug;
		};
		A64E01EA24387E2D003B25C3 /* Release */ = {
			isa = XCBuildConfiguration;
			baseConfigurationReference = B450D73E3A65892F6766D402 /* Pods-StoryBook.release.xcconfig */;
			buildSettings = {
				ASSETCATALOG_COMPILER_APPICON_NAME = AppIcon;
				CODE_SIGN_STYLE = Automatic;
				DEVELOPMENT_TEAM = PBAM7BN95C;
				INFOPLIST_FILE = StoryBook/SupportingFiles/Info.plist;
				IPHONEOS_DEPLOYMENT_TARGET = 13.0;
				LD_RUNPATH_SEARCH_PATHS = (
					"$(inherited)",
					"@executable_path/Frameworks",
				);
				PRODUCT_BUNDLE_IDENTIFIER = ru.legert.StoryBook;
				PRODUCT_NAME = "$(TARGET_NAME)";
				SWIFT_VERSION = 5.0;
				TARGETED_DEVICE_FAMILY = "1,2";
			};
			name = Release;
		};
/* End XCBuildConfiguration section */

/* Begin XCConfigurationList section */
		A64E01CF24387E2B003B25C3 /* Build configuration list for PBXProject "StoryBook" */ = {
			isa = XCConfigurationList;
			buildConfigurations = (
				A64E01E624387E2D003B25C3 /* Debug */,
				A64E01E724387E2D003B25C3 /* Release */,
			);
			defaultConfigurationIsVisible = 0;
			defaultConfigurationName = Release;
		};
		A64E01E824387E2D003B25C3 /* Build configuration list for PBXNativeTarget "StoryBook" */ = {
			isa = XCConfigurationList;
			buildConfigurations = (
				A64E01E924387E2D003B25C3 /* Debug */,
				A64E01EA24387E2D003B25C3 /* Release */,
			);
			defaultConfigurationIsVisible = 0;
			defaultConfigurationName = Release;
		};
/* End XCConfigurationList section */
	};
	rootObject = A64E01CC24387E2B003B25C3 /* Project object */;
}
