// !$*UTF8*$!
{
	archiveVersion = 1;
	classes = {
	};
	objectVersion = 51;
	objects = {

/* Begin PBXBuildFile section */
		8DDE3CED8FFA8A98F61AF8A4 /* Pods_StoryBook.framework in Frameworks */ = {isa = PBXBuildFile; fileRef = E194BF59D0C17ED0EC294602 /* Pods_StoryBook.framework */; };
		A64E01D824387E2B003B25C3 /* AppDelegate.swift in Sources */ = {isa = PBXBuildFile; fileRef = A64E01D724387E2B003B25C3 /* AppDelegate.swift */; };
		A64E01DA24387E2B003B25C3 /* SceneDelegate.swift in Sources */ = {isa = PBXBuildFile; fileRef = A64E01D924387E2B003B25C3 /* SceneDelegate.swift */; };
		A64E01DC24387E2B003B25C3 /* LoginViewController.swift in Sources */ = {isa = PBXBuildFile; fileRef = A64E01DB24387E2B003B25C3 /* LoginViewController.swift */; };
		A64E01DF24387E2B003B25C3 /* Main.storyboard in Resources */ = {isa = PBXBuildFile; fileRef = A64E01DD24387E2B003B25C3 /* Main.storyboard */; };
		A64E01E124387E2D003B25C3 /* Assets.xcassets in Resources */ = {isa = PBXBuildFile; fileRef = A64E01E024387E2D003B25C3 /* Assets.xcassets */; };
		A64E01E424387E2D003B25C3 /* LaunchScreen.storyboard in Resources */ = {isa = PBXBuildFile; fileRef = A64E01E224387E2D003B25C3 /* LaunchScreen.storyboard */; };
		A64E01EC24387E65003B25C3 /* ProfileSection.swift in Sources */ = {isa = PBXBuildFile; fileRef = A64E01EB24387E65003B25C3 /* ProfileSection.swift */; };
		A64E01EE24387FB3003B25C3 /* FamilyGroup.swift in Sources */ = {isa = PBXBuildFile; fileRef = A64E01ED24387FB3003B25C3 /* FamilyGroup.swift */; };
		A64E01F02438817D003B25C3 /* DataTypes.swift in Sources */ = {isa = PBXBuildFile; fileRef = A64E01EF2438817D003B25C3 /* DataTypes.swift */; };
		A64E01F52439D798003B25C3 /* GoogleService-Info.plist in Resources */ = {isa = PBXBuildFile; fileRef = A64E01F42439D798003B25C3 /* GoogleService-Info.plist */; };
		A65B2DB5244A0731000729B8 /* CreateProfileVC.swift in Sources */ = {isa = PBXBuildFile; fileRef = A65B2DB4244A0731000729B8 /* CreateProfileVC.swift */; };
		A65B2DB7244DAAA3000729B8 /* EditProfileVC.swift in Sources */ = {isa = PBXBuildFile; fileRef = A65B2DB6244DAAA3000729B8 /* EditProfileVC.swift */; };
		A6A83A092439FB3B001EEF67 /* Default-568h@2x.png in Resources */ = {isa = PBXBuildFile; fileRef = A6A83A082439FB3B001EEF67 /* Default-568h@2x.png */; };
		A6A83A0B243B3011001EEF67 /* User.swift in Sources */ = {isa = PBXBuildFile; fileRef = A6A83A0A243B3011001EEF67 /* User.swift */; };
		A6A83A0D243B3032001EEF67 /* Memory.swift in Sources */ = {isa = PBXBuildFile; fileRef = A6A83A0C243B3032001EEF67 /* Memory.swift */; };
		A6A83A12243E25D9001EEF67 /* ProfileTableViewCell.swift in Sources */ = {isa = PBXBuildFile; fileRef = A6A83A11243E25D9001EEF67 /* ProfileTableViewCell.swift */; };
		A6A83A16243F5BD8001EEF67 /* SectionTableViewCell.swift in Sources */ = {isa = PBXBuildFile; fileRef = A6A83A15243F5BD8001EEF67 /* SectionTableViewCell.swift */; };
		A6A83A212440C447001EEF67 /* MemoryTableViewCell.swift in Sources */ = {isa = PBXBuildFile; fileRef = A6A83A1F2440C447001EEF67 /* MemoryTableViewCell.swift */; };
		A6A83A242440C821001EEF67 /* ShowMemoryVC.swift in Sources */ = {isa = PBXBuildFile; fileRef = A6A83A232440C821001EEF67 /* ShowMemoryVC.swift */; };
		A6A83A262441C25B001EEF67 /* CreateMemoryVC.swift in Sources */ = {isa = PBXBuildFile; fileRef = A6A83A252441C25B001EEF67 /* CreateMemoryVC.swift */; };
		A6B2C9F724508AB0004FFE59 /* Protocols.swift in Sources */ = {isa = PBXBuildFile; fileRef = A6B2C9F624508AB0004FFE59 /* Protocols.swift */; };
		A6B2C9F924508BBA004FFE59 /* ShowProfileVC.swift in Sources */ = {isa = PBXBuildFile; fileRef = A6B2C9F824508BBA004FFE59 /* ShowProfileVC.swift */; };
		A6B2C9FD24508E8B004FFE59 /* ListOfProfilesVC.swift in Sources */ = {isa = PBXBuildFile; fileRef = A6B2C9FC24508E8B004FFE59 /* ListOfProfilesVC.swift */; };
		A6B2C9FF2451954B004FFE59 /* ShowSectionVC.swift in Sources */ = {isa = PBXBuildFile; fileRef = A6B2C9FE2451954B004FFE59 /* ShowSectionVC.swift */; };
		A6B2CA012451AD62004FFE59 /* ShowSubsectionVC.swift in Sources */ = {isa = PBXBuildFile; fileRef = A6B2CA002451AD62004FFE59 /* ShowSubsectionVC.swift */; };
		A6B2CA0324532C60004FFE59 /* CreateSectionVC.swift in Sources */ = {isa = PBXBuildFile; fileRef = A6B2CA0224532C60004FFE59 /* CreateSectionVC.swift */; };
		A6B2CA0524534028004FFE59 /* EditSectionVC.swift in Sources */ = {isa = PBXBuildFile; fileRef = A6B2CA0424534028004FFE59 /* EditSectionVC.swift */; };
		A6B2CA0724541F7D004FFE59 /* CreateSubsectionVC.swift in Sources */ = {isa = PBXBuildFile; fileRef = A6B2CA0624541F7D004FFE59 /* CreateSubsectionVC.swift */; };
		A6B2CA0924541FF8004FFE59 /* EditSubsectionVC.swift in Sources */ = {isa = PBXBuildFile; fileRef = A6B2CA0824541FF8004FFE59 /* EditSubsectionVC.swift */; };
		A6B2CA0B245441E2004FFE59 /* EditMemoryVC.swift in Sources */ = {isa = PBXBuildFile; fileRef = A6B2CA0A245441E2004FFE59 /* EditMemoryVC.swift */; };
		A6B2CA0D24548DFB004FFE59 /* addPhoto.swift in Sources */ = {isa = PBXBuildFile; fileRef = A6B2CA0C24548DFB004FFE59 /* addPhoto.swift */; };
		A6B2CA0F2454A12A004FFE59 /* TestVC.swift in Sources */ = {isa = PBXBuildFile; fileRef = A6B2CA0E2454A12A004FFE59 /* TestVC.swift */; };
/* End PBXBuildFile section */

/* Begin PBXFileReference section */
		33A5F1036BC6BC4C4CF02566 /* Pods-StoryBook.debug.xcconfig */ = {isa = PBXFileReference; includeInIndex = 1; lastKnownFileType = text.xcconfig; name = "Pods-StoryBook.debug.xcconfig"; path = "Target Support Files/Pods-StoryBook/Pods-StoryBook.debug.xcconfig"; sourceTree = "<group>"; };
		A64E01D424387E2B003B25C3 /* StoryBook.app */ = {isa = PBXFileReference; explicitFileType = wrapper.application; includeInIndex = 0; path = StoryBook.app; sourceTree = BUILT_PRODUCTS_DIR; };
		A64E01D724387E2B003B25C3 /* AppDelegate.swift */ = {isa = PBXFileReference; lastKnownFileType = sourcecode.swift; path = AppDelegate.swift; sourceTree = "<group>"; };
		A64E01D924387E2B003B25C3 /* SceneDelegate.swift */ = {isa = PBXFileReference; lastKnownFileType = sourcecode.swift; path = SceneDelegate.swift; sourceTree = "<group>"; };
		A64E01DB24387E2B003B25C3 /* LoginViewController.swift */ = {isa = PBXFileReference; lastKnownFileType = sourcecode.swift; path = LoginViewController.swift; sourceTree = "<group>"; };
		A64E01DE24387E2B003B25C3 /* Base */ = {isa = PBXFileReference; lastKnownFileType = file.storyboard; name = Base; path = Base.lproj/Main.storyboard; sourceTree = "<group>"; };
		A64E01E024387E2D003B25C3 /* Assets.xcassets */ = {isa = PBXFileReference; lastKnownFileType = folder.assetcatalog; path = Assets.xcassets; sourceTree = "<group>"; };
		A64E01E324387E2D003B25C3 /* Base */ = {isa = PBXFileReference; lastKnownFileType = file.storyboard; name = Base; path = Base.lproj/LaunchScreen.storyboard; sourceTree = "<group>"; };
		A64E01E524387E2D003B25C3 /* Info.plist */ = {isa = PBXFileReference; lastKnownFileType = text.plist.xml; path = Info.plist; sourceTree = "<group>"; };
		A64E01EB24387E65003B25C3 /* ProfileSection.swift */ = {isa = PBXFileReference; lastKnownFileType = sourcecode.swift; path = ProfileSection.swift; sourceTree = "<group>"; };
		A64E01ED24387FB3003B25C3 /* FamilyGroup.swift */ = {isa = PBXFileReference; lastKnownFileType = sourcecode.swift; path = FamilyGroup.swift; sourceTree = "<group>"; };
		A64E01EF2438817D003B25C3 /* DataTypes.swift */ = {isa = PBXFileReference; lastKnownFileType = sourcecode.swift; path = DataTypes.swift; sourceTree = "<group>"; };
		A64E01F42439D798003B25C3 /* GoogleService-Info.plist */ = {isa = PBXFileReference; fileEncoding = 4; lastKnownFileType = text.plist.xml; path = "GoogleService-Info.plist"; sourceTree = "<group>"; };
		A65B2DB4244A0731000729B8 /* CreateProfileVC.swift */ = {isa = PBXFileReference; lastKnownFileType = sourcecode.swift; path = CreateProfileVC.swift; sourceTree = "<group>"; };
		A65B2DB6244DAAA3000729B8 /* EditProfileVC.swift */ = {isa = PBXFileReference; lastKnownFileType = sourcecode.swift; path = EditProfileVC.swift; sourceTree = "<group>"; };
		A6A83A082439FB3B001EEF67 /* Default-568h@2x.png */ = {isa = PBXFileReference; lastKnownFileType = image.png; path = "Default-568h@2x.png"; sourceTree = "<group>"; };
		A6A83A0A243B3011001EEF67 /* User.swift */ = {isa = PBXFileReference; lastKnownFileType = sourcecode.swift; path = User.swift; sourceTree = "<group>"; };
		A6A83A0C243B3032001EEF67 /* Memory.swift */ = {isa = PBXFileReference; lastKnownFileType = sourcecode.swift; path = Memory.swift; sourceTree = "<group>"; };
		A6A83A11243E25D9001EEF67 /* ProfileTableViewCell.swift */ = {isa = PBXFileReference; lastKnownFileType = sourcecode.swift; path = ProfileTableViewCell.swift; sourceTree = "<group>"; };
		A6A83A15243F5BD8001EEF67 /* SectionTableViewCell.swift */ = {isa = PBXFileReference; lastKnownFileType = sourcecode.swift; path = SectionTableViewCell.swift; sourceTree = "<group>"; };
		A6A83A1F2440C447001EEF67 /* MemoryTableViewCell.swift */ = {isa = PBXFileReference; lastKnownFileType = sourcecode.swift; path = MemoryTableViewCell.swift; sourceTree = "<group>"; };
		A6A83A232440C821001EEF67 /* ShowMemoryVC.swift */ = {isa = PBXFileReference; lastKnownFileType = sourcecode.swift; path = ShowMemoryVC.swift; sourceTree = "<group>"; };
		A6A83A252441C25B001EEF67 /* CreateMemoryVC.swift */ = {isa = PBXFileReference; lastKnownFileType = sourcecode.swift; path = CreateMemoryVC.swift; sourceTree = "<group>"; };
		A6B2C9F624508AB0004FFE59 /* Protocols.swift */ = {isa = PBXFileReference; lastKnownFileType = sourcecode.swift; path = Protocols.swift; sourceTree = "<group>"; };
		A6B2C9F824508BBA004FFE59 /* ShowProfileVC.swift */ = {isa = PBXFileReference; lastKnownFileType = sourcecode.swift; path = ShowProfileVC.swift; sourceTree = "<group>"; };
		A6B2C9FC24508E8B004FFE59 /* ListOfProfilesVC.swift */ = {isa = PBXFileReference; lastKnownFileType = sourcecode.swift; path = ListOfProfilesVC.swift; sourceTree = "<group>"; };
		A6B2C9FE2451954B004FFE59 /* ShowSectionVC.swift */ = {isa = PBXFileReference; lastKnownFileType = sourcecode.swift; path = ShowSectionVC.swift; sourceTree = "<group>"; };
		A6B2CA002451AD62004FFE59 /* ShowSubsectionVC.swift */ = {isa = PBXFileReference; lastKnownFileType = sourcecode.swift; path = ShowSubsectionVC.swift; sourceTree = "<group>"; };
		A6B2CA0224532C60004FFE59 /* CreateSectionVC.swift */ = {isa = PBXFileReference; lastKnownFileType = sourcecode.swift; path = CreateSectionVC.swift; sourceTree = "<group>"; };
		A6B2CA0424534028004FFE59 /* EditSectionVC.swift */ = {isa = PBXFileReference; lastKnownFileType = sourcecode.swift; path = EditSectionVC.swift; sourceTree = "<group>"; };
		A6B2CA0624541F7D004FFE59 /* CreateSubsectionVC.swift */ = {isa = PBXFileReference; lastKnownFileType = sourcecode.swift; path = CreateSubsectionVC.swift; sourceTree = "<group>"; };
		A6B2CA0824541FF8004FFE59 /* EditSubsectionVC.swift */ = {isa = PBXFileReference; lastKnownFileType = sourcecode.swift; path = EditSubsectionVC.swift; sourceTree = "<group>"; };
		A6B2CA0A245441E2004FFE59 /* EditMemoryVC.swift */ = {isa = PBXFileReference; lastKnownFileType = sourcecode.swift; path = EditMemoryVC.swift; sourceTree = "<group>"; };
		A6B2CA0C24548DFB004FFE59 /* addPhoto.swift */ = {isa = PBXFileReference; lastKnownFileType = sourcecode.swift; path = addPhoto.swift; sourceTree = "<group>"; };
		A6B2CA0E2454A12A004FFE59 /* TestVC.swift */ = {isa = PBXFileReference; lastKnownFileType = sourcecode.swift; path = TestVC.swift; sourceTree = "<group>"; };
		B450D73E3A65892F6766D402 /* Pods-StoryBook.release.xcconfig */ = {isa = PBXFileReference; includeInIndex = 1; lastKnownFileType = text.xcconfig; name = "Pods-StoryBook.release.xcconfig"; path = "Target Support Files/Pods-StoryBook/Pods-StoryBook.release.xcconfig"; sourceTree = "<group>"; };
		E194BF59D0C17ED0EC294602 /* Pods_StoryBook.framework */ = {isa = PBXFileReference; explicitFileType = wrapper.framework; includeInIndex = 0; path = Pods_StoryBook.framework; sourceTree = BUILT_PRODUCTS_DIR; };
/* End PBXFileReference section */

/* Begin PBXFrameworksBuildPhase section */
		A64E01D124387E2B003B25C3 /* Frameworks */ = {
			isa = PBXFrameworksBuildPhase;
			buildActionMask = 2147483647;
			files = (
				8DDE3CED8FFA8A98F61AF8A4 /* Pods_StoryBook.framework in Frameworks */,
			);
			runOnlyForDeploymentPostprocessing = 0;
		};
/* End PBXFrameworksBuildPhase section */

/* Begin PBXGroup section */
		A64E01CB24387E2B003B25C3 = {
			isa = PBXGroup;
			children = (
				A6A83A082439FB3B001EEF67 /* Default-568h@2x.png */,
				A64E01D624387E2B003B25C3 /* StoryBook */,
				A64E01D524387E2B003B25C3 /* Products */,
				D6A56EC788A3908C9662DF77 /* Pods */,
				FC0828277E1F70EE0A054132 /* Frameworks */,
			);
			sourceTree = "<group>";
		};
		A64E01D524387E2B003B25C3 /* Products */ = {
			isa = PBXGroup;
			children = (
				A64E01D424387E2B003B25C3 /* StoryBook.app */,
			);
			name = Products;
			sourceTree = "<group>";
		};
		A64E01D624387E2B003B25C3 /* StoryBook */ = {
			isa = PBXGroup;
			children = (
				A6A83A0E243B33A5001EEF67 /* Views */,
				A64E01F12439D36B003B25C3 /* SupportingFiles */,
				A64E01F22439D3A0003B25C3 /* Controllers */,
				A64E01F32439D3B8003B25C3 /* Models */,
			);
			path = StoryBook;
			sourceTree = "<group>";
		};
		A64E01F12439D36B003B25C3 /* SupportingFiles */ = {
			isa = PBXGroup;
			children = (
				A64E01D724387E2B003B25C3 /* AppDelegate.swift */,
				A64E01D924387E2B003B25C3 /* SceneDelegate.swift */,
				A64E01E024387E2D003B25C3 /* Assets.xcassets */,
				A64E01E224387E2D003B25C3 /* LaunchScreen.storyboard */,
				A64E01F42439D798003B25C3 /* GoogleService-Info.plist */,
				A64E01E524387E2D003B25C3 /* Info.plist */,
			);
			path = SupportingFiles;
			sourceTree = "<group>";
		};
		A64E01F22439D3A0003B25C3 /* Controllers */ = {
			isa = PBXGroup;
			children = (
				A64E01DB24387E2B003B25C3 /* LoginViewController.swift */,
				A6A83A252441C25B001EEF67 /* CreateMemoryVC.swift */,
				A65B2DB4244A0731000729B8 /* CreateProfileVC.swift */,
				A6B2CA0224532C60004FFE59 /* CreateSectionVC.swift */,
				A6B2CA0E2454A12A004FFE59 /* TestVC.swift */,
				A6B2CA0624541F7D004FFE59 /* CreateSubsectionVC.swift */,
				A65B2DB6244DAAA3000729B8 /* EditProfileVC.swift */,
				A6B2CA0A245441E2004FFE59 /* EditMemoryVC.swift */,
				A6B2CA0824541FF8004FFE59 /* EditSubsectionVC.swift */,
				A6B2CA0424534028004FFE59 /* EditSectionVC.swift */,
				A6B2C9FC24508E8B004FFE59 /* ListOfProfilesVC.swift */,
				A6B2C9F824508BBA004FFE59 /* ShowProfileVC.swift */,
				A6B2CA002451AD62004FFE59 /* ShowSubsectionVC.swift */,
				A6B2C9FE2451954B004FFE59 /* ShowSectionVC.swift */,
				A6A83A232440C821001EEF67 /* ShowMemoryVC.swift */,
				A6B2CA0C24548DFB004FFE59 /* addPhoto.swift */,
			);
			path = Controllers;
			sourceTree = "<group>";
		};
		A64E01F32439D3B8003B25C3 /* Models */ = {
			isa = PBXGroup;
			children = (
				A6A83A17243F5BF1001EEF67 /* Custom cells */,
				A6A83A1824406796001EEF67 /* Other */,
				A6A83A0A243B3011001EEF67 /* User.swift */,
				A6A83A0C243B3032001EEF67 /* Memory.swift */,
				A64E01EB24387E65003B25C3 /* ProfileSection.swift */,
			);
			path = Models;
			sourceTree = "<group>";
		};
		A6A83A0E243B33A5001EEF67 /* Views */ = {
			isa = PBXGroup;
			children = (
				A64E01DD24387E2B003B25C3 /* Main.storyboard */,
			);
			path = Views;
			sourceTree = "<group>";
		};
		A6A83A17243F5BF1001EEF67 /* Custom cells */ = {
			isa = PBXGroup;
			children = (
				A6A83A11243E25D9001EEF67 /* ProfileTableViewCell.swift */,
				A6A83A15243F5BD8001EEF67 /* SectionTableViewCell.swift */,
				A6A83A1F2440C447001EEF67 /* MemoryTableViewCell.swift */,
			);
			path = "Custom cells";
			sourceTree = "<group>";
		};
		A6A83A1824406796001EEF67 /* Other */ = {
			isa = PBXGroup;
			children = (
				A6B2C9F624508AB0004FFE59 /* Protocols.swift */,
				A64E01ED24387FB3003B25C3 /* FamilyGroup.swift */,
				A64E01EF2438817D003B25C3 /* DataTypes.swift */,
			);
			path = Other;
			sourceTree = "<group>";
		};
		D6A56EC788A3908C9662DF77 /* Pods */ = {
			isa = PBXGroup;
			children = (
				33A5F1036BC6BC4C4CF02566 /* Pods-StoryBook.debug.xcconfig */,
				B450D73E3A65892F6766D402 /* Pods-StoryBook.release.xcconfig */,
			);
			path = Pods;
			sourceTree = "<group>";
		};
		FC0828277E1F70EE0A054132 /* Frameworks */ = {
			isa = PBXGroup;
			children = (
				E194BF59D0C17ED0EC294602 /* Pods_StoryBook.framework */,
			);
			name = Frameworks;
			sourceTree = "<group>";
		};
/* End PBXGroup section */

/* Begin PBXNativeTarget section */
		A64E01D324387E2B003B25C3 /* StoryBook */ = {
			isa = PBXNativeTarget;
			buildConfigurationList = A64E01E824387E2D003B25C3 /* Build configuration list for PBXNativeTarget "StoryBook" */;
			buildPhases = (
				456595DBB010377BAD279223 /* [CP] Check Pods Manifest.lock */,
				A64E01D024387E2B003B25C3 /* Sources */,
				A64E01D124387E2B003B25C3 /* Frameworks */,
				A64E01D224387E2B003B25C3 /* Resources */,
				8A523BDE8427CB9C5F356CAA /* [CP] Embed Pods Frameworks */,
			);
			buildRules = (
			);
			dependencies = (
			);
			name = StoryBook;
			productName = StoryBook;
			productReference = A64E01D424387E2B003B25C3 /* StoryBook.app */;
			productType = "com.apple.product-type.application";
		};
/* End PBXNativeTarget section */

/* Begin PBXProject section */
		A64E01CC24387E2B003B25C3 /* Project object */ = {
			isa = PBXProject;
			attributes = {
				LastSwiftUpdateCheck = 1140;
				LastUpgradeCheck = 1140;
				ORGANIZATIONNAME = "Anastasia Legert";
				TargetAttributes = {
					A64E01D324387E2B003B25C3 = {
						CreatedOnToolsVersion = 11.4;
					};
				};
			};
			buildConfigurationList = A64E01CF24387E2B003B25C3 /* Build configuration list for PBXProject "StoryBook" */;
			compatibilityVersion = "Xcode 9.3";
			developmentRegion = en;
			hasScannedForEncodings = 0;
			knownRegions = (
				en,
				Base,
			);
			mainGroup = A64E01CB24387E2B003B25C3;
			productRefGroup = A64E01D524387E2B003B25C3 /* Products */;
			projectDirPath = "";
			projectRoot = "";
			targets = (
				A64E01D324387E2B003B25C3 /* StoryBook */,
			);
		};
/* End PBXProject section */

/* Begin PBXResourcesBuildPhase section */
		A64E01D224387E2B003B25C3 /* Resources */ = {
			isa = PBXResourcesBuildPhase;
			buildActionMask = 2147483647;
			files = (
				A64E01E424387E2D003B25C3 /* LaunchScreen.storyboard in Resources */,
				A64E01F52439D798003B25C3 /* GoogleService-Info.plist in Resources */,
				A64E01E124387E2D003B25C3 /* Assets.xcassets in Resources */,
				A6A83A092439FB3B001EEF67 /* Default-568h@2x.png in Resources */,
				A64E01DF24387E2B003B25C3 /* Main.storyboard in Resources */,
			);
			runOnlyForDeploymentPostprocessing = 0;
		};
/* End PBXResourcesBuildPhase section */

/* Begin PBXShellScriptBuildPhase section */
		456595DBB010377BAD279223 /* [CP] Check Pods Manifest.lock */ = {
			isa = PBXShellScriptBuildPhase;
			buildActionMask = 2147483647;
			files = (
			);
			inputFileListPaths = (
			);
			inputPaths = (
				"${PODS_PODFILE_DIR_PATH}/Podfile.lock",
				"${PODS_ROOT}/Manifest.lock",
			);
			name = "[CP] Check Pods Manifest.lock";
			outputFileListPaths = (
			);
			outputPaths = (
				"$(DERIVED_FILE_DIR)/Pods-StoryBook-checkManifestLockResult.txt",
			);
			runOnlyForDeploymentPostprocessing = 0;
			shellPath = /bin/sh;
			shellScript = "diff \"${PODS_PODFILE_DIR_PATH}/Podfile.lock\" \"${PODS_ROOT}/Manifest.lock\" > /dev/null\nif [ $? != 0 ] ; then\n    # print error to STDERR\n    echo \"error: The sandbox is not in sync with the Podfile.lock. Run 'pod install' or update your CocoaPods installation.\" >&2\n    exit 1\nfi\n# This output is used by Xcode 'outputs' to avoid re-running this script phase.\necho \"SUCCESS\" > \"${SCRIPT_OUTPUT_FILE_0}\"\n";
			showEnvVarsInLog = 0;
		};
		8A523BDE8427CB9C5F356CAA /* [CP] Embed Pods Frameworks */ = {
			isa = PBXShellScriptBuildPhase;
			buildActionMask = 2147483647;
			files = (
			);
			inputFileListPaths = (
				"${PODS_ROOT}/Target Support Files/Pods-StoryBook/Pods-StoryBook-frameworks-${CONFIGURATION}-input-files.xcfilelist",
			);
			name = "[CP] Embed Pods Frameworks";
			outputFileListPaths = (
				"${PODS_ROOT}/Target Support Files/Pods-StoryBook/Pods-StoryBook-frameworks-${CONFIGURATION}-output-files.xcfilelist",
			);
			runOnlyForDeploymentPostprocessing = 0;
			shellPath = /bin/sh;
			shellScript = "\"${PODS_ROOT}/Target Support Files/Pods-StoryBook/Pods-StoryBook-frameworks.sh\"\n";
			showEnvVarsInLog = 0;
		};
/* End PBXShellScriptBuildPhase section */

/* Begin PBXSourcesBuildPhase section */
		A64E01D024387E2B003B25C3 /* Sources */ = {
			isa = PBXSourcesBuildPhase;
			buildActionMask = 2147483647;
			files = (
				A6B2CA0324532C60004FFE59 /* CreateSectionVC.swift in Sources */,
				A6A83A212440C447001EEF67 /* MemoryTableViewCell.swift in Sources */,
				A6B2CA0724541F7D004FFE59 /* CreateSubsectionVC.swift in Sources */,
				A6B2CA0524534028004FFE59 /* EditSectionVC.swift in Sources */,
				A6A83A262441C25B001EEF67 /* CreateMemoryVC.swift in Sources */,
				A6A83A0D243B3032001EEF67 /* Memory.swift in Sources */,
				A64E01DC24387E2B003B25C3 /* LoginViewController.swift in Sources */,
				A65B2DB5244A0731000729B8 /* CreateProfileVC.swift in Sources */,
				A6B2C9FD24508E8B004FFE59 /* ListOfProfilesVC.swift in Sources */,
				A64E01EC24387E65003B25C3 /* ProfileSection.swift in Sources */,
				A6A83A12243E25D9001EEF67 /* ProfileTableViewCell.swift in Sources */,
				A64E01D824387E2B003B25C3 /* AppDelegate.swift in Sources */,
				A6B2C9F724508AB0004FFE59 /* Protocols.swift in Sources */,
				A64E01EE24387FB3003B25C3 /* FamilyGroup.swift in Sources */,
				A65B2DB7244DAAA3000729B8 /* EditProfileVC.swift in Sources */,
				A64E01DA24387E2B003B25C3 /* SceneDelegate.swift in Sources */,
				A6B2CA0F2454A12A004FFE59 /* TestVC.swift in Sources */,
				A64E01F02438817D003B25C3 /* DataTypes.swift in Sources */,
				A6A83A0B243B3011001EEF67 /* User.swift in Sources */,
				A6B2CA012451AD62004FFE59 /* ShowSubsectionVC.swift in Sources */,
				A6A83A16243F5BD8001EEF67 /* SectionTableViewCell.swift in Sources */,
				A6B2CA0D24548DFB004FFE59 /* addPhoto.swift in Sources */,
				A6B2CA0B245441E2004FFE59 /* EditMemoryVC.swift in Sources */,
				A6A83A242440C821001EEF67 /* ShowMemoryVC.swift in Sources */,
				A6B2C9F924508BBA004FFE59 /* ShowProfileVC.swift in Sources */,
				A6B2C9FF2451954B004FFE59 /* ShowSectionVC.swift in Sources */,
				A6B2CA0924541FF8004FFE59 /* EditSubsectionVC.swift in Sources */,
			);
			runOnlyForDeploymentPostprocessing = 0;
		};
/* End PBXSourcesBuildPhase section */

/* Begin PBXVariantGroup section */
		A64E01DD24387E2B003B25C3 /* Main.storyboard */ = {
			isa = PBXVariantGroup;
			children = (
				A64E01DE24387E2B003B25C3 /* Base */,
			);
			name = Main.storyboard;
			sourceTree = "<group>";
		};
		A64E01E224387E2D003B25C3 /* LaunchScreen.storyboard */ = {
			isa = PBXVariantGroup;
			children = (
				A64E01E324387E2D003B25C3 /* Base */,
			);
			name = LaunchScreen.storyboard;
			sourceTree = "<group>";
		};
/* End PBXVariantGroup section */

/* Begin XCBuildConfiguration section */
		A64E01E624387E2D003B25C3 /* Debug */ = {
			isa = XCBuildConfiguration;
			buildSettings = {
				ALWAYS_SEARCH_USER_PATHS = NO;
				CLANG_ANALYZER_NONNULL = YES;
				CLANG_ANALYZER_NUMBER_OBJECT_CONVERSION = YES_AGGRESSIVE;
				CLANG_CXX_LANGUAGE_STANDARD = "gnu++14";
				CLANG_CXX_LIBRARY = "libc++";
				CLANG_ENABLE_MODULES = YES;
				CLANG_ENABLE_OBJC_ARC = YES;
				CLANG_ENABLE_OBJC_WEAK = YES;
				CLANG_WARN_BLOCK_CAPTURE_AUTORELEASING = YES;
				CLANG_WARN_BOOL_CONVERSION = YES;
				CLANG_WARN_COMMA = YES;
				CLANG_WARN_CONSTANT_CONVERSION = YES;
				CLANG_WARN_DEPRECATED_OBJC_IMPLEMENTATIONS = YES;
				CLANG_WARN_DIRECT_OBJC_ISA_USAGE = YES_ERROR;
				CLANG_WARN_DOCUMENTATION_COMMENTS = YES;
				CLANG_WARN_EMPTY_BODY = YES;
				CLANG_WARN_ENUM_CONVERSION = YES;
				CLANG_WARN_INFINITE_RECURSION = YES;
				CLANG_WARN_INT_CONVERSION = YES;
				CLANG_WARN_NON_LITERAL_NULL_CONVERSION = YES;
				CLANG_WARN_OBJC_IMPLICIT_RETAIN_SELF = YES;
				CLANG_WARN_OBJC_LITERAL_CONVERSION = YES;
				CLANG_WARN_OBJC_ROOT_CLASS = YES_ERROR;
				CLANG_WARN_RANGE_LOOP_ANALYSIS = YES;
				CLANG_WARN_STRICT_PROTOTYPES = YES;
				CLANG_WARN_SUSPICIOUS_MOVE = YES;
				CLANG_WARN_UNGUARDED_AVAILABILITY = YES_AGGRESSIVE;
				CLANG_WARN_UNREACHABLE_CODE = YES;
				CLANG_WARN__DUPLICATE_METHOD_MATCH = YES;
				COPY_PHASE_STRIP = NO;
				DEBUG_INFORMATION_FORMAT = dwarf;
				ENABLE_STRICT_OBJC_MSGSEND = YES;
				ENABLE_TESTABILITY = YES;
				GCC_C_LANGUAGE_STANDARD = gnu11;
				GCC_DYNAMIC_NO_PIC = NO;
				GCC_NO_COMMON_BLOCKS = YES;
				GCC_OPTIMIZATION_LEVEL = 0;
				GCC_PREPROCESSOR_DEFINITIONS = (
					"DEBUG=1",
					"$(inherited)",
				);
				GCC_WARN_64_TO_32_BIT_CONVERSION = YES;
				GCC_WARN_ABOUT_RETURN_TYPE = YES_ERROR;
				GCC_WARN_UNDECLARED_SELECTOR = YES;
				GCC_WARN_UNINITIALIZED_AUTOS = YES_AGGRESSIVE;
				GCC_WARN_UNUSED_FUNCTION = YES;
				GCC_WARN_UNUSED_VARIABLE = YES;
				IPHONEOS_DEPLOYMENT_TARGET = 13.4;
				MTL_ENABLE_DEBUG_INFO = INCLUDE_SOURCE;
				MTL_FAST_MATH = YES;
				ONLY_ACTIVE_ARCH = YES;
				SDKROOT = iphoneos;
				SWIFT_ACTIVE_COMPILATION_CONDITIONS = DEBUG;
				SWIFT_OPTIMIZATION_LEVEL = "-Onone";
			};
			name = Debug;
		};
		A64E01E724387E2D003B25C3 /* Release */ = {
			isa = XCBuildConfiguration;
			buildSettings = {
				ALWAYS_SEARCH_USER_PATHS = NO;
				CLANG_ANALYZER_NONNULL = YES;
				CLANG_ANALYZER_NUMBER_OBJECT_CONVERSION = YES_AGGRESSIVE;
				CLANG_CXX_LANGUAGE_STANDARD = "gnu++14";
				CLANG_CXX_LIBRARY = "libc++";
				CLANG_ENABLE_MODULES = YES;
				CLANG_ENABLE_OBJC_ARC = YES;
				CLANG_ENABLE_OBJC_WEAK = YES;
				CLANG_WARN_BLOCK_CAPTURE_AUTORELEASING = YES;
				CLANG_WARN_BOOL_CONVERSION = YES;
				CLANG_WARN_COMMA = YES;
				CLANG_WARN_CONSTANT_CONVERSION = YES;
				CLANG_WARN_DEPRECATED_OBJC_IMPLEMENTATIONS = YES;
				CLANG_WARN_DIRECT_OBJC_ISA_USAGE = YES_ERROR;
				CLANG_WARN_DOCUMENTATION_COMMENTS = YES;
				CLANG_WARN_EMPTY_BODY = YES;
				CLANG_WARN_ENUM_CONVERSION = YES;
				CLANG_WARN_INFINITE_RECURSION = YES;
				CLANG_WARN_INT_CONVERSION = YES;
				CLANG_WARN_NON_LITERAL_NULL_CONVERSION = YES;
				CLANG_WARN_OBJC_IMPLICIT_RETAIN_SELF = YES;
				CLANG_WARN_OBJC_LITERAL_CONVERSION = YES;
				CLANG_WARN_OBJC_ROOT_CLASS = YES_ERROR;
				CLANG_WARN_RANGE_LOOP_ANALYSIS = YES;
				CLANG_WARN_STRICT_PROTOTYPES = YES;
				CLANG_WARN_SUSPICIOUS_MOVE = YES;
				CLANG_WARN_UNGUARDED_AVAILABILITY = YES_AGGRESSIVE;
				CLANG_WARN_UNREACHABLE_CODE = YES;
				CLANG_WARN__DUPLICATE_METHOD_MATCH = YES;
				COPY_PHASE_STRIP = NO;
				DEBUG_INFORMATION_FORMAT = "dwarf-with-dsym";
				ENABLE_NS_ASSERTIONS = NO;
				ENABLE_STRICT_OBJC_MSGSEND = YES;
				GCC_C_LANGUAGE_STANDARD = gnu11;
				GCC_NO_COMMON_BLOCKS = YES;
				GCC_WARN_64_TO_32_BIT_CONVERSION = YES;
				GCC_WARN_ABOUT_RETURN_TYPE = YES_ERROR;
				GCC_WARN_UNDECLARED_SELECTOR = YES;
				GCC_WARN_UNINITIALIZED_AUTOS = YES_AGGRESSIVE;
				GCC_WARN_UNUSED_FUNCTION = YES;
				GCC_WARN_UNUSED_VARIABLE = YES;
				IPHONEOS_DEPLOYMENT_TARGET = 13.4;
				MTL_ENABLE_DEBUG_INFO = NO;
				MTL_FAST_MATH = YES;
				SDKROOT = iphoneos;
				SWIFT_COMPILATION_MODE = wholemodule;
				SWIFT_OPTIMIZATION_LEVEL = "-O";
				VALIDATE_PRODUCT = YES;
			};
			name = Release;
		};
		A64E01E924387E2D003B25C3 /* Debug */ = {
			isa = XCBuildConfiguration;
			baseConfigurationReference = 33A5F1036BC6BC4C4CF02566 /* Pods-StoryBook.debug.xcconfig */;
			buildSettings = {
				ASSETCATALOG_COMPILER_APPICON_NAME = AppIcon;
				CODE_SIGN_STYLE = Automatic;
				DEVELOPMENT_TEAM = PBAM7BN95C;
				INFOPLIST_FILE = StoryBook/SupportingFiles/Info.plist;
				IPHONEOS_DEPLOYMENT_TARGET = 13.0;
				LD_RUNPATH_SEARCH_PATHS = (
					"$(inherited)",
					"@executable_path/Frameworks",
				);
				PRODUCT_BUNDLE_IDENTIFIER = ru.legert.StoryBook;
				PRODUCT_NAME = "$(TARGET_NAME)";
				SWIFT_VERSION = 5.0;
				TARGETED_DEVICE_FAMILY = "1,2";
			};
			name = Debug;
		};
		A64E01EA24387E2D003B25C3 /* Release */ = {
			isa = XCBuildConfiguration;
			baseConfigurationReference = B450D73E3A65892F6766D402 /* Pods-StoryBook.release.xcconfig */;
			buildSettings = {
				ASSETCATALOG_COMPILER_APPICON_NAME = AppIcon;
				CODE_SIGN_STYLE = Automatic;
				DEVELOPMENT_TEAM = PBAM7BN95C;
				INFOPLIST_FILE = StoryBook/SupportingFiles/Info.plist;
				IPHONEOS_DEPLOYMENT_TARGET = 13.0;
				LD_RUNPATH_SEARCH_PATHS = (
					"$(inherited)",
					"@executable_path/Frameworks",
				);
				PRODUCT_BUNDLE_IDENTIFIER = ru.legert.StoryBook;
				PRODUCT_NAME = "$(TARGET_NAME)";
				SWIFT_VERSION = 5.0;
				TARGETED_DEVICE_FAMILY = "1,2";
			};
			name = Release;
		};
/* End XCBuildConfiguration section */

/* Begin XCConfigurationList section */
		A64E01CF24387E2B003B25C3 /* Build configuration list for PBXProject "StoryBook" */ = {
			isa = XCConfigurationList;
			buildConfigurations = (
				A64E01E624387E2D003B25C3 /* Debug */,
				A64E01E724387E2D003B25C3 /* Release */,
			);
			defaultConfigurationIsVisible = 0;
			defaultConfigurationName = Release;
		};
		A64E01E824387E2D003B25C3 /* Build configuration list for PBXNativeTarget "StoryBook" */ = {
			isa = XCConfigurationList;
			buildConfigurations = (
				A64E01E924387E2D003B25C3 /* Debug */,
				A64E01EA24387E2D003B25C3 /* Release */,
			);
			defaultConfigurationIsVisible = 0;
			defaultConfigurationName = Release;
		};
/* End XCConfigurationList section */
	};
	rootObject = A64E01CC24387E2B003B25C3 /* Project object */;
}
